
Microsoft Visual Studio Solution File, Format Version 12.00
# Visual Studio Version 17
VisualStudioVersion = 17.10.35013.160
MinimumVisualStudioVersion = 10.0.40219.1
Project("{2150E333-8FDC-42A3-9474-1A3956D46DE8}") = "01. Client", "01. Client", "{CEC59CE5-62DC-4415-A174-558FA04A0C6A}"
EndProject
Project("{2150E333-8FDC-42A3-9474-1A3956D46DE8}") = "02. Engine", "02. Engine", "{B62AA1BE-EA37-47A5-AFA8-82ED002C732E}"
EndProject
Project("{2150E333-8FDC-42A3-9474-1A3956D46DE8}") = "00. Tools", "00. Tools", "{22027F7B-B9F9-482C-91DC-B166F939D1D8}"
EndProject
Project("{8BC9CEB8-8B4A-11D0-8D11-00A0C91BC942}") = "Client", "Client\Default\Client.vcxproj", "{9C5C880C-413D-481F-AAC5-4606758FC1E9}"
	ProjectSection(ProjectDependencies) = postProject
		{115F547A-009A-4278-942A-094A23631FD3} = {115F547A-009A-4278-942A-094A23631FD3}
	EndProjectSection
EndProject
Project("{8BC9CEB8-8B4A-11D0-8D11-00A0C91BC942}") = "Engine", "Engine\Default\Engine.vcxproj", "{115F547A-009A-4278-942A-094A23631FD3}"
EndProject
Project("{2150E333-8FDC-42A3-9474-1A3956D46DE8}") = "04. Server", "04. Server", "{F7F38C84-550D-4457-890C-F9FDD1B384C6}"
EndProject
Project("{8BC9CEB8-8B4A-11D0-8D11-00A0C91BC942}") = "ServerCore", "Server\ServerCore\Default\ServerCore.vcxproj", "{C9BB2B6E-1648-4FA0-B6E8-85729B7F3E89}"
EndProject
Project("{8BC9CEB8-8B4A-11D0-8D11-00A0C91BC942}") = "GameServer", "Server\GameServer\Default\GameServer.vcxproj", "{D8FD43AE-B946-461A-9069-54524194FCD9}"
EndProject
Project("{8BC9CEB8-8B4A-11D0-8D11-00A0C91BC942}") = "Editor", "Editor\Default\Editor.vcxproj", "{FA20F4DF-5A0F-4793-A995-83C507F03822}"
	ProjectSection(ProjectDependencies) = postProject
		{115F547A-009A-4278-942A-094A23631FD3} = {115F547A-009A-4278-942A-094A23631FD3}
		{9C5C880C-413D-481F-AAC5-4606758FC1E9} = {9C5C880C-413D-481F-AAC5-4606758FC1E9}
	EndProjectSection
EndProject
Project("{2150E333-8FDC-42A3-9474-1A3956D46DE8}") = "03. Game", "03. Game", "{3E5B5B3C-3F48-40D2-9BFB-F5A2CB9ABE6A}"
EndProject
Project("{8BC9CEB8-8B4A-11D0-8D11-00A0C91BC942}") = "Game", "Game\Default\Game.vcxproj", "{49C2D824-8726-4878-8A93-DE763436F45F}"
	ProjectSection(ProjectDependencies) = postProject
		{115F547A-009A-4278-942A-094A23631FD3} = {115F547A-009A-4278-942A-094A23631FD3}
		{9C5C880C-413D-481F-AAC5-4606758FC1E9} = {9C5C880C-413D-481F-AAC5-4606758FC1E9}
	EndProjectSection
EndProject
Project("{8BC9CEB8-8B4A-11D0-8D11-00A0C91BC942}") = "AssimpTool", "AssimpTool\Default\AssimpTool.vcxproj", "{8895C291-FA7C-4482-A230-93918B6F2C27}"
EndProject
Global
	GlobalSection(SolutionConfigurationPlatforms) = preSolution
		Debug|x64 = Debug|x64
		Debug|x86 = Debug|x86
		Release|x64 = Release|x64
		Release|x86 = Release|x86
	EndGlobalSection
	GlobalSection(ProjectConfigurationPlatforms) = postSolution
		{9C5C880C-413D-481F-AAC5-4606758FC1E9}.Debug|x64.ActiveCfg = Debug|x64
		{9C5C880C-413D-481F-AAC5-4606758FC1E9}.Debug|x64.Build.0 = Debug|x64
		{9C5C880C-413D-481F-AAC5-4606758FC1E9}.Debug|x86.ActiveCfg = Debug|Win32
		{9C5C880C-413D-481F-AAC5-4606758FC1E9}.Debug|x86.Build.0 = Debug|Win32
		{9C5C880C-413D-481F-AAC5-4606758FC1E9}.Release|x64.ActiveCfg = Release|x64
		{9C5C880C-413D-481F-AAC5-4606758FC1E9}.Release|x64.Build.0 = Release|x64
		{9C5C880C-413D-481F-AAC5-4606758FC1E9}.Release|x86.ActiveCfg = Release|Win32
		{9C5C880C-413D-481F-AAC5-4606758FC1E9}.Release|x86.Build.0 = Release|Win32
		{115F547A-009A-4278-942A-094A23631FD3}.Debug|x64.ActiveCfg = Debug|x64
		{115F547A-009A-4278-942A-094A23631FD3}.Debug|x64.Build.0 = Debug|x64
		{115F547A-009A-4278-942A-094A23631FD3}.Debug|x86.ActiveCfg = Debug|Win32
		{115F547A-009A-4278-942A-094A23631FD3}.Debug|x86.Build.0 = Debug|Win32
		{115F547A-009A-4278-942A-094A23631FD3}.Release|x64.ActiveCfg = Release|x64
		{115F547A-009A-4278-942A-094A23631FD3}.Release|x64.Build.0 = Release|x64
		{115F547A-009A-4278-942A-094A23631FD3}.Release|x86.ActiveCfg = Release|Win32
		{115F547A-009A-4278-942A-094A23631FD3}.Release|x86.Build.0 = Release|Win32
		{C9BB2B6E-1648-4FA0-B6E8-85729B7F3E89}.Debug|x64.ActiveCfg = Debug|x64
		{C9BB2B6E-1648-4FA0-B6E8-85729B7F3E89}.Debug|x64.Build.0 = Debug|x64
		{C9BB2B6E-1648-4FA0-B6E8-85729B7F3E89}.Debug|x86.ActiveCfg = Debug|Win32
		{C9BB2B6E-1648-4FA0-B6E8-85729B7F3E89}.Debug|x86.Build.0 = Debug|Win32
		{C9BB2B6E-1648-4FA0-B6E8-85729B7F3E89}.Release|x64.ActiveCfg = Release|x64
		{C9BB2B6E-1648-4FA0-B6E8-85729B7F3E89}.Release|x64.Build.0 = Release|x64
		{C9BB2B6E-1648-4FA0-B6E8-85729B7F3E89}.Release|x86.ActiveCfg = Release|Win32
		{C9BB2B6E-1648-4FA0-B6E8-85729B7F3E89}.Release|x86.Build.0 = Release|Win32
		{D8FD43AE-B946-461A-9069-54524194FCD9}.Debug|x64.ActiveCfg = Debug|x64
		{D8FD43AE-B946-461A-9069-54524194FCD9}.Debug|x64.Build.0 = Debug|x64
		{D8FD43AE-B946-461A-9069-54524194FCD9}.Debug|x86.ActiveCfg = Debug|Win32
		{D8FD43AE-B946-461A-9069-54524194FCD9}.Debug|x86.Build.0 = Debug|Win32
		{D8FD43AE-B946-461A-9069-54524194FCD9}.Release|x64.ActiveCfg = Release|x64
		{D8FD43AE-B946-461A-9069-54524194FCD9}.Release|x64.Build.0 = Release|x64
		{D8FD43AE-B946-461A-9069-54524194FCD9}.Release|x86.ActiveCfg = Release|Win32
		{D8FD43AE-B946-461A-9069-54524194FCD9}.Release|x86.Build.0 = Release|Win32
		{FA20F4DF-5A0F-4793-A995-83C507F03822}.Debug|x64.ActiveCfg = Debug|x64
		{FA20F4DF-5A0F-4793-A995-83C507F03822}.Debug|x64.Build.0 = Debug|x64
		{FA20F4DF-5A0F-4793-A995-83C507F03822}.Debug|x86.ActiveCfg = Debug|Win32
		{FA20F4DF-5A0F-4793-A995-83C507F03822}.Debug|x86.Build.0 = Debug|Win32
		{FA20F4DF-5A0F-4793-A995-83C507F03822}.Release|x64.ActiveCfg = Release|x64
		{FA20F4DF-5A0F-4793-A995-83C507F03822}.Release|x64.Build.0 = Release|x64
		{FA20F4DF-5A0F-4793-A995-83C507F03822}.Release|x86.ActiveCfg = Release|Win32
		{FA20F4DF-5A0F-4793-A995-83C507F03822}.Release|x86.Build.0 = Release|Win32
		{49C2D824-8726-4878-8A93-DE763436F45F}.Debug|x64.ActiveCfg = Debug|x64
		{49C2D824-8726-4878-8A93-DE763436F45F}.Debug|x64.Build.0 = Debug|x64
		{49C2D824-8726-4878-8A93-DE763436F45F}.Debug|x86.ActiveCfg = Debug|Win32
		{49C2D824-8726-4878-8A93-DE763436F45F}.Debug|x86.Build.0 = Debug|Win32
		{49C2D824-8726-4878-8A93-DE763436F45F}.Release|x64.ActiveCfg = Release|x64
		{49C2D824-8726-4878-8A93-DE763436F45F}.Release|x64.Build.0 = Release|x64
		{49C2D824-8726-4878-8A93-DE763436F45F}.Release|x86.ActiveCfg = Release|Win32
		{49C2D824-8726-4878-8A93-DE763436F45F}.Release|x86.Build.0 = Release|Win32
		{8895C291-FA7C-4482-A230-93918B6F2C27}.Debug|x64.ActiveCfg = Debug|x64
		{8895C291-FA7C-4482-A230-93918B6F2C27}.Debug|x64.Build.0 = Debug|x64
		{8895C291-FA7C-4482-A230-93918B6F2C27}.Debug|x86.ActiveCfg = Debug|Win32
		{8895C291-FA7C-4482-A230-93918B6F2C27}.Debug|x86.Build.0 = Debug|Win32
		{8895C291-FA7C-4482-A230-93918B6F2C27}.Release|x64.ActiveCfg = Release|x64
		{8895C291-FA7C-4482-A230-93918B6F2C27}.Release|x64.Build.0 = Release|x64
		{8895C291-FA7C-4482-A230-93918B6F2C27}.Release|x86.ActiveCfg = Release|Win32
		{8895C291-FA7C-4482-A230-93918B6F2C27}.Release|x86.Build.0 = Release|Win32
	EndGlobalSection
	GlobalSection(SolutionProperties) = preSolution
		HideSolutionNode = FALSE
	EndGlobalSection
	GlobalSection(NestedProjects) = preSolution
		{9C5C880C-413D-481F-AAC5-4606758FC1E9} = {CEC59CE5-62DC-4415-A174-558FA04A0C6A}
		{115F547A-009A-4278-942A-094A23631FD3} = {B62AA1BE-EA37-47A5-AFA8-82ED002C732E}
		{C9BB2B6E-1648-4FA0-B6E8-85729B7F3E89} = {F7F38C84-550D-4457-890C-F9FDD1B384C6}
		{D8FD43AE-B946-461A-9069-54524194FCD9} = {F7F38C84-550D-4457-890C-F9FDD1B384C6}
		{FA20F4DF-5A0F-4793-A995-83C507F03822} = {22027F7B-B9F9-482C-91DC-B166F939D1D8}
		{49C2D824-8726-4878-8A93-DE763436F45F} = {3E5B5B3C-3F48-40D2-9BFB-F5A2CB9ABE6A}
		{8895C291-FA7C-4482-A230-93918B6F2C27} = {22027F7B-B9F9-482C-91DC-B166F939D1D8}
	EndGlobalSection
	GlobalSection(ExtensibilityGlobals) = postSolution
		SolutionGuid = {FDEB373D-F0AF-4F37-B4FB-34388E0DE295}
	EndGlobalSection
EndGlobal
