<?xml version="1.0" encoding="utf-8"?>
<Project ToolsVersion="4.0" xmlns="http://schemas.microsoft.com/developer/msbuild/2003">
  <ItemGroup>
    <ClInclude Include="framework.h">
      <Filter>98. Default</Filter>
    </ClInclude>
    <ClInclude Include="..\Public\Engine_Typedef.h">
      <Filter>99. Defines</Filter>
    </ClInclude>
    <ClInclude Include="..\Public\Engine_Define.h">
      <Filter>99. Defines</Filter>
    </ClInclude>
    <ClInclude Include="..\Public\Engine_Enum.h">
      <Filter>99. Defines</Filter>
    </ClInclude>
    <ClInclude Include="..\Public\Engine_Function.h">
      <Filter>99. Defines</Filter>
    </ClInclude>
    <ClInclude Include="..\Public\Engine_Macro.h">
      <Filter>99. Defines</Filter>
    </ClInclude>
    <ClInclude Include="..\Public\Engine_Struct.h">
      <Filter>99. Defines</Filter>
    </ClInclude>
    <ClInclude Include="..\Public\Base.h">
      <Filter>01. Utility\99. SuperClass</Filter>
    </ClInclude>
    <ClInclude Include="..\Public\Timer.h">
      <Filter>00. System\01. Timer</Filter>
    </ClInclude>
    <ClInclude Include="..\Public\Timer_Manager.h">
      <Filter>00. System\01. Timer</Filter>
    </ClInclude>
    <ClInclude Include="..\Public\Graphic_Device.h">
      <Filter>00. System\00. Device</Filter>
    </ClInclude>
    <ClInclude Include="..\Public\GameInstance.h">
      <Filter>01. Utility\00. GameInstance</Filter>
    </ClInclude>
    <ClInclude Include="pch.h">
      <Filter>98. Default</Filter>
    </ClInclude>
    <ClInclude Include="..\Public\Level.h">
      <Filter>01. Utility\01. Levels</Filter>
    </ClInclude>
    <ClInclude Include="..\Public\Level_Manager.h">
      <Filter>01. Utility\01. Levels\Manager</Filter>
    </ClInclude>
    <ClInclude Include="..\Public\Prototype_Manager.h">
      <Filter>01. Utility\02. Prototype</Filter>
    </ClInclude>
    <ClInclude Include="..\Public\Component.h">
      <Filter>01. Utility\04. Component</Filter>
    </ClInclude>
    <ClInclude Include="..\Public\GameObject.h">
      <Filter>01. Utility\03. GameObject</Filter>
    </ClInclude>
    <ClInclude Include="..\Public\Layer.h">
      <Filter>01. Utility\03. GameObject\01. Layer</Filter>
    </ClInclude>
    <ClInclude Include="..\Public\Renderer.h">
      <Filter>01. Utility\05. Rendering</Filter>
    </ClInclude>
    <ClInclude Include="..\Public\RenderTarget.h">
      <Filter>01. Utility\05. Rendering</Filter>
    </ClInclude>
    <ClInclude Include="..\Public\Transform.h">
      <Filter>01. Utility\04. Component\00. Transform</Filter>
    </ClInclude>
    <ClInclude Include="..\Public\Texture.h">
      <Filter>01. Utility\04. Component\01. Texture</Filter>
    </ClInclude>
    <ClInclude Include="..\Public\Utils.h">
      <Filter>01. Utility\98. Utils</Filter>
    </ClInclude>
    <ClInclude Include="..\Public\Controller.h">
      <Filter>01. Utility\03. GameObject\99. Controller</Filter>
    </ClInclude>
    <ClInclude Include="..\Public\AnimNotify_Factory.h">
      <Filter>01. Utility\98. Utils\00. Factory</Filter>
    </ClInclude>
    <ClInclude Include="..\Public\Component_Factory.h">
      <Filter>01. Utility\98. Utils\00. Factory</Filter>
    </ClInclude>
    <ClInclude Include="..\Public\Object_Manager.h">
      <Filter>95. Manager\01. Object</Filter>
    </ClInclude>
    <ClInclude Include="..\Public\Input_Manager.h">
      <Filter>95. Manager\00. Input</Filter>
    </ClInclude>
    <ClInclude Include="..\Public\Event_Manager.h">
      <Filter>95. Manager\02. Event</Filter>
    </ClInclude>
    <ClInclude Include="..\Public\Prefab_Manager.h">
      <Filter>95. Manager\03. Prefab</Filter>
    </ClInclude>
    <ClInclude Include="..\Public\GameObject_Factory.h">
      <Filter>01. Utility\98. Utils\00. Factory</Filter>
    </ClInclude>
    <ClInclude Include="..\Public\VIBuffer.h">
      <Filter>01. Utility\04. Component\02. VIBuffer</Filter>
    </ClInclude>
    <ClInclude Include="..\Public\VIBuffer_Rect.h">
      <Filter>01. Utility\04. Component\02. VIBuffer\00. Rect</Filter>
    </ClInclude>
    <ClInclude Include="..\Public\Blackboard.h">
      <Filter>01. Utility\06. Behavior Tree\00. Blackboard</Filter>
    </ClInclude>
    <ClInclude Include="..\Public\BTNode.h">
      <Filter>01. Utility\06. Behavior Tree\01. BT Node</Filter>
    </ClInclude>
    <ClInclude Include="..\Public\BTComposite.h">
      <Filter>01. Utility\06. Behavior Tree\02. Composite Node</Filter>
    </ClInclude>
    <ClInclude Include="..\Public\BTTask.h">
      <Filter>01. Utility\06. Behavior Tree\03. Task Node</Filter>
    </ClInclude>
    <ClInclude Include="..\Public\BTTask_Wait.h">
      <Filter>01. Utility\06. Behavior Tree\03. Task Node</Filter>
    </ClInclude>
    <ClInclude Include="..\Public\BehaviorTree.h">
      <Filter>01. Utility\06. Behavior Tree\99. Component</Filter>
    </ClInclude>
    <ClInclude Include="..\Public\VIBuffer_Terrain.h">
      <Filter>01. Utility\04. Component\02. VIBuffer\02. Terrain</Filter>
    </ClInclude>
    <ClInclude Include="..\Public\PipeLine.h">
      <Filter>01. Utility\07. PipeLine</Filter>
    </ClInclude>
    <ClInclude Include="..\Public\Camera.h">
      <Filter>01. Utility\03. GameObject\03. Camera</Filter>
    </ClInclude>
    <ClInclude Include="..\Public\BTNode_Factory.h">
      <Filter>96. Factory</Filter>
    </ClInclude>
    <ClInclude Include="..\Public\BTRoot.h">
      <Filter>01. Utility\06. Behavior Tree\01. BT Node</Filter>
    </ClInclude>
    <ClInclude Include="..\Public\BTTask_MoveTo.h">
      <Filter>01. Utility\06. Behavior Tree\03. Task Node</Filter>
    </ClInclude>
    <ClInclude Include="..\Public\UIObject.h">
      <Filter>01. Utility\03. GameObject\02. UI</Filter>
    </ClInclude>
    <ClInclude Include="..\Public\Character.h">
      <Filter>01. Utility\03. GameObject</Filter>
    </ClInclude>
    <ClInclude Include="..\Public\Shader.h">
      <Filter>01. Utility\04. Component\03. Shader</Filter>
    </ClInclude>
    <ClInclude Include="..\Public\Debug_Manager.h">
      <Filter>95. Manager\04. Debug</Filter>
    </ClInclude>
    <ClInclude Include="..\Public\Camera_Manager.h">
      <Filter>95. Manager\05. Camera</Filter>
    </ClInclude>
    <ClInclude Include="..\Public\DelegateHub.h">
      <Filter>01. Utility\98. Utils\01. Delegate</Filter>
    </ClInclude>
    <ClInclude Include="..\Public\Delegate.h">
      <Filter>01. Utility\98. Utils\01. Delegate</Filter>
    </ClInclude>
    <ClInclude Include="..\Public\Light.h">
      <Filter>01. Utility\08. Lights</Filter>
    </ClInclude>
    <ClInclude Include="..\Public\Asset_Manager.h">
      <Filter>95. Manager\07. Asset</Filter>
    </ClInclude>
    <ClInclude Include="..\Public\Light_Manager.h">
      <Filter>95. Manager\06. Light</Filter>
    </ClInclude>
    <ClInclude Include="..\Public\Vertex_Struct.h">
      <Filter>99. Defines</Filter>
    </ClInclude>
    <ClInclude Include="..\Public\Mesh.h">
      <Filter>01. Utility\04. Component\05. Mesh</Filter>
    </ClInclude>
    <ClInclude Include="..\Public\Property_Types.h">
      <Filter>99. Defines</Filter>
    </ClInclude>
    <ClInclude Include="..\Public\ICommand.h">
      <Filter>01. Utility\98. Utils</Filter>
    </ClInclude>
    <ClInclude Include="..\Public\Reflection_Macro.h">
      <Filter>99. Defines</Filter>
    </ClInclude>
    <ClInclude Include="..\Public\UI_Manager.h">
      <Filter>95. Manager\08. UI</Filter>
    </ClInclude>
    <ClInclude Include="..\Public\HUD.h">
      <Filter>01. Utility\03. GameObject\02. UI</Filter>
    </ClInclude>
    <ClInclude Include="..\Public\Panel.h">
      <Filter>01. Utility\03. GameObject\02. UI</Filter>
    </ClInclude>
    <ClInclude Include="..\Public\ModelMaterial.h">
      <Filter>01. Utility\09. Material</Filter>
    </ClInclude>
    <ClInclude Include="..\Public\DebugDraw.h">
      <Filter>01. Utility\98. Utils</Filter>
    </ClInclude>
    <ClInclude Include="..\Public\Text_Types.h">
      <Filter>99. Defines</Filter>
    </ClInclude>
    <ClInclude Include="..\Public\Model_BinaryLoader.h">
      <Filter>01. Utility\98. Utils</Filter>
    </ClInclude>
    <ClInclude Include="..\Public\PlayerStart.h">
      <Filter>01. Utility\03. GameObject\98. PlayerStart</Filter>
    </ClInclude>
    <ClInclude Include="..\Public\UI_AnimTypes.h">
      <Filter>99. Defines</Filter>
    </ClInclude>
    <ClInclude Include="..\Public\Text_Renderer.h">
      <Filter>01. Utility\03. GameObject\02. UI\00. Text</Filter>
    </ClInclude>
    <ClInclude Include="..\Public\UI_Text.h">
      <Filter>01. Utility\03. GameObject\02. UI\00. Text</Filter>
    </ClInclude>
    <ClInclude Include="..\Public\ModelBin_Types.h">
      <Filter>99. Defines</Filter>
    </ClInclude>
    <ClInclude Include="..\Public\AnimNotify_Types.h">
      <Filter>99. Defines</Filter>
    </ClInclude>
    <ClInclude Include="..\Public\UI_AnimPlayer.h">
      <Filter>01. Utility\03. GameObject\02. UI\00. UI Animation</Filter>
    </ClInclude>
    <ClInclude Include="..\Public\UI_AnimSerializer.h">
      <Filter>01. Utility\03. GameObject\02. UI\00. UI Animation</Filter>
    </ClInclude>
    <ClInclude Include="..\Public\UI_AnimUtility.h">
      <Filter>01. Utility\03. GameObject\02. UI\00. UI Animation</Filter>
    </ClInclude>
    <ClInclude Include="..\Public\AnimNotifyState.h">
      <Filter>10. Notify</Filter>
    </ClInclude>
    <ClInclude Include="..\Public\AnimNotify.h">
      <Filter>10. Notify</Filter>
    </ClInclude>
    <ClInclude Include="..\Public\ContainerObject.h">
      <Filter>01. Utility\03. GameObject\04. ContainerObject</Filter>
    </ClInclude>
    <ClInclude Include="..\Public\PartObject.h">
      <Filter>01. Utility\03. GameObject\05. PartObject</Filter>
    </ClInclude>
    <ClInclude Include="..\Public\Animation_Manager.h">
      <Filter>10. Notify</Filter>
    </ClInclude>
    <ClInclude Include="..\Public\AnimNotify_Serializer.h">
      <Filter>10. Notify</Filter>
    </ClInclude>
    <ClInclude Include="..\Public\Camera_Types.h">
      <Filter>99. Defines</Filter>
    </ClInclude>
    <ClInclude Include="..\Public\Animation.h">
      <Filter>01. Utility\04. Component</Filter>
    </ClInclude>
    <ClInclude Include="..\Public\Bone.h">
      <Filter>01. Utility\04. Component</Filter>
    </ClInclude>
    <ClInclude Include="..\Public\Channel.h">
      <Filter>01. Utility\04. Component</Filter>
    </ClInclude>
    <ClInclude Include="..\Public\Model.h">
      <Filter>01. Utility\04. Component</Filter>
    </ClInclude>
    <ClInclude Include="..\Public\CameraTrack_Serializer.h">
      <Filter>11. Cinematic</Filter>
    </ClInclude>
    <ClInclude Include="..\Public\CameraTrack_Player.h">
      <Filter>11. Cinematic</Filter>
    </ClInclude>
    <ClInclude Include="..\Public\Camera_Cinematic.h">
      <Filter>11. Cinematic</Filter>
    </ClInclude>
    <ClInclude Include="..\Public\BTTask_SetAnimState.h">
      <Filter>01. Utility\06. Behavior Tree\03. Task Node</Filter>
    </ClInclude>
    <ClInclude Include="..\Public\AN_PlaySound.h">
      <Filter>10. Notify</Filter>
    </ClInclude>
    <ClInclude Include="..\Public\Collision_Define.h">
      <Filter>99. Defines</Filter>
    </ClInclude>
    <ClInclude Include="..\Public\Sound_Manager.h">
      <Filter>95. Manager</Filter>
    </ClInclude>
    <ClInclude Include="..\Public\Collider.h" />
    <ClInclude Include="..\Public\Bounding.h">
      <Filter>01. Utility\10. Bouding</Filter>
    </ClInclude>
    <ClInclude Include="..\Public\Bounding_AABB.h">
      <Filter>01. Utility\10. Bouding</Filter>
    </ClInclude>
    <ClInclude Include="..\Public\Bounding_Sphere.h">
      <Filter>01. Utility\10. Bouding</Filter>
    </ClInclude>
    <ClInclude Include="..\Public\Bounding_Capsule.h">
      <Filter>01. Utility\10. Bouding</Filter>
    </ClInclude>
    <ClInclude Include="..\Public\Bounding_OBB.h">
      <Filter>01. Utility\10. Bouding</Filter>
    </ClInclude>
    <ClInclude Include="..\Public\Collision_Manager.h" />
    <ClInclude Include="..\Public\ProjectileComponent.h" />
    <ClInclude Include="..\Public\MovementComponent.h" />
  </ItemGroup>
  <ItemGroup>
    <Filter Include="99. Defines">
      <UniqueIdentifier>{dc72ed20-8af6-401e-b5e7-471727cdb7a5}</UniqueIdentifier>
    </Filter>
    <Filter Include="98. Default">
      <UniqueIdentifier>{efedde87-47ec-4b1f-afeb-882a1120e464}</UniqueIdentifier>
    </Filter>
    <Filter Include="00. System">
      <UniqueIdentifier>{397fc6b6-a188-42a7-85b4-ad1bcbfc1dc1}</UniqueIdentifier>
    </Filter>
    <Filter Include="00. System\00. Device">
      <UniqueIdentifier>{1314313d-070f-4a56-a5b1-48d6e0414b42}</UniqueIdentifier>
    </Filter>
    <Filter Include="00. System\01. Timer">
      <UniqueIdentifier>{88460f55-c979-4c64-a51c-6c51c557412b}</UniqueIdentifier>
    </Filter>
    <Filter Include="01. Utility">
      <UniqueIdentifier>{5abb5921-2074-4d12-80c0-1346acaf5669}</UniqueIdentifier>
    </Filter>
    <Filter Include="01. Utility\00. GameInstance">
      <UniqueIdentifier>{6d43a6ce-4c54-4d40-a6e4-45897c52fa91}</UniqueIdentifier>
    </Filter>
    <Filter Include="01. Utility\01. Levels">
      <UniqueIdentifier>{ef3f83d4-a6df-41b0-ae81-3d1ff078903d}</UniqueIdentifier>
    </Filter>
    <Filter Include="01. Utility\99. SuperClass">
      <UniqueIdentifier>{b8488c42-ff6e-4f84-879c-e0509e11c114}</UniqueIdentifier>
    </Filter>
    <Filter Include="01. Utility\01. Levels\Manager">
      <UniqueIdentifier>{2460fd42-d888-4401-9e2f-960dbf041888}</UniqueIdentifier>
    </Filter>
    <Filter Include="01. Utility\02. Prototype">
      <UniqueIdentifier>{6204a2da-6a69-4c68-8cc7-361c0f264d58}</UniqueIdentifier>
    </Filter>
    <Filter Include="01. Utility\03. GameObject">
      <UniqueIdentifier>{9ea6e2b2-1992-4bef-9c4a-f666d4ca161c}</UniqueIdentifier>
    </Filter>
    <Filter Include="01. Utility\04. Component">
      <UniqueIdentifier>{e3652022-a538-439c-aa39-ac764fbc9754}</UniqueIdentifier>
    </Filter>
    <Filter Include="01. Utility\03. GameObject\01. Layer">
      <UniqueIdentifier>{305800e4-13f7-49b5-ab17-1a3bebd037ff}</UniqueIdentifier>
    </Filter>
    <Filter Include="01. Utility\98. Utils">
      <UniqueIdentifier>{6a2903c6-1ca9-44c3-a9ca-6be613ef3d6b}</UniqueIdentifier>
    </Filter>
    <Filter Include="01. Utility\04. Component\00. Transform">
      <UniqueIdentifier>{d11125f6-66d1-4c03-8a49-fc7bd1e45d50}</UniqueIdentifier>
    </Filter>
    <Filter Include="01. Utility\04. Component\01. Texture">
      <UniqueIdentifier>{ca604a5e-183a-43d7-9376-f11772d53533}</UniqueIdentifier>
    </Filter>
    <Filter Include="96. Factory">
      <UniqueIdentifier>{bbc4c72d-834b-4739-8694-bab80897058e}</UniqueIdentifier>
    </Filter>
    <Filter Include="95. Manager">
      <UniqueIdentifier>{41343922-e933-4047-b363-b5870ee2adfd}</UniqueIdentifier>
    </Filter>
    <Filter Include="01. Utility\98. Utils\00. Factory">
      <UniqueIdentifier>{bdbffd21-70e1-4157-ad87-4c6240476170}</UniqueIdentifier>
    </Filter>
    <Filter Include="95. Manager\00. Input">
      <UniqueIdentifier>{f403f73c-f6d8-45c8-b33a-6765bd503fea}</UniqueIdentifier>
    </Filter>
    <Filter Include="95. Manager\01. Object">
      <UniqueIdentifier>{efb296bb-cb9d-438b-8a20-e5cca0d6c68a}</UniqueIdentifier>
    </Filter>
    <Filter Include="95. Manager\02. Event">
      <UniqueIdentifier>{f0c59842-1936-442f-a88f-8b37f299a976}</UniqueIdentifier>
    </Filter>
    <Filter Include="95. Manager\03. Prefab">
      <UniqueIdentifier>{2bffcd2a-77e1-47cc-bcb0-dcbc38f98a46}</UniqueIdentifier>
    </Filter>
    <Filter Include="95. Manager\04. Debug">
      <UniqueIdentifier>{60ee192e-3fbf-4b61-b749-39fe470d692f}</UniqueIdentifier>
    </Filter>
    <Filter Include="01. Utility\04. Component\02. VIBuffer">
      <UniqueIdentifier>{816d19a3-533b-49ee-b3e4-cf2f6ef7ef54}</UniqueIdentifier>
    </Filter>
    <Filter Include="01. Utility\04. Component\02. VIBuffer\00. Rect">
      <UniqueIdentifier>{a44ef2ca-9dcd-4229-9ed0-515a1557dbee}</UniqueIdentifier>
    </Filter>
    <Filter Include="01. Utility\04. Component\02. VIBuffer\01. Cube">
      <UniqueIdentifier>{a9afdba2-ad69-465c-8e9d-71b1af75e196}</UniqueIdentifier>
    </Filter>
    <Filter Include="01. Utility\04. Component\02. VIBuffer\02. Terrain">
      <UniqueIdentifier>{b06fd632-779e-4bec-92dd-f6cc4a782fd6}</UniqueIdentifier>
    </Filter>
    <Filter Include="01. Utility\05. Rendering">
      <UniqueIdentifier>{a4e2c1a3-14f0-4285-817e-4b0033f0ae53}</UniqueIdentifier>
    </Filter>
    <Filter Include="01. Utility\04. Component\03. Shader">
      <UniqueIdentifier>{159f17cc-8e39-44f1-bd35-41fc881cbc55}</UniqueIdentifier>
    </Filter>
    <Filter Include="01. Utility\03. GameObject\99. Controller">
      <UniqueIdentifier>{c7bc88a9-2a8c-4e3e-90c1-0a41f8b30278}</UniqueIdentifier>
    </Filter>
    <Filter Include="01. Utility\03. GameObject\02. UI">
      <UniqueIdentifier>{31628293-f083-402a-937e-d9d683414bc6}</UniqueIdentifier>
    </Filter>
    <Filter Include="94. Protocol">
      <UniqueIdentifier>{2356c5b4-1752-4137-82da-1281193a9d6a}</UniqueIdentifier>
    </Filter>
    <Filter Include="01. Utility\06. Behavior Tree">
      <UniqueIdentifier>{b8f619ba-e797-4601-b104-b4d9aab48936}</UniqueIdentifier>
    </Filter>
    <Filter Include="01. Utility\06. Behavior Tree\00. Blackboard">
      <UniqueIdentifier>{f989a3aa-a2f4-462e-a7d8-59d18f76b17b}</UniqueIdentifier>
    </Filter>
    <Filter Include="01. Utility\06. Behavior Tree\04. Decorator Node">
      <UniqueIdentifier>{9fa38af0-c64f-45e5-8bd6-37429fa1b60e}</UniqueIdentifier>
    </Filter>
    <Filter Include="01. Utility\06. Behavior Tree\03. Task Node">
      <UniqueIdentifier>{78df8247-2612-4f42-a9c9-ab49e9a6b110}</UniqueIdentifier>
    </Filter>
    <Filter Include="01. Utility\06. Behavior Tree\02. Composite Node">
      <UniqueIdentifier>{203f4867-37d0-4e27-9d76-9fe75070f9ca}</UniqueIdentifier>
    </Filter>
    <Filter Include="01. Utility\06. Behavior Tree\01. BT Node">
      <UniqueIdentifier>{52174536-102a-4f8d-8749-5c17f50a38e2}</UniqueIdentifier>
    </Filter>
    <Filter Include="01. Utility\06. Behavior Tree\99. Component">
      <UniqueIdentifier>{5b10fee1-054e-41fa-9caf-99b78909573d}</UniqueIdentifier>
    </Filter>
    <Filter Include="01. Utility\07. PipeLine">
      <UniqueIdentifier>{8ea98d06-b6fc-4173-aa41-452248a35627}</UniqueIdentifier>
    </Filter>
    <Filter Include="01. Utility\03. GameObject\03. Camera">
      <UniqueIdentifier>{dbbae1dd-0a30-4b40-8a83-5da3647c6464}</UniqueIdentifier>
    </Filter>
    <Filter Include="95. Manager\05. Camera">
      <UniqueIdentifier>{6714d96b-0ebe-4c27-ade4-c64c87e0b237}</UniqueIdentifier>
    </Filter>
    <Filter Include="01. Utility\98. Utils\01. Delegate">
      <UniqueIdentifier>{a9f5b547-df29-4448-8d8b-fa273cce4c12}</UniqueIdentifier>
    </Filter>
    <Filter Include="01. Utility\03. GameObject\98. PlayerStart">
      <UniqueIdentifier>{80f2e44f-ee3a-4742-b20b-1e989ab77b7a}</UniqueIdentifier>
    </Filter>
    <Filter Include="01. Utility\08. Lights">
      <UniqueIdentifier>{6cde95c6-8f7e-4231-a435-18025786ab76}</UniqueIdentifier>
    </Filter>
    <Filter Include="95. Manager\06. Light">
      <UniqueIdentifier>{ba15af3b-95e3-4893-b1ff-aaa61ce1adf8}</UniqueIdentifier>
    </Filter>
    <Filter Include="95. Manager\07. Asset">
      <UniqueIdentifier>{5ea4a05e-533b-449f-8c9f-64c3ac898179}</UniqueIdentifier>
    </Filter>
    <Filter Include="01. Utility\04. Component\05. Mesh">
      <UniqueIdentifier>{64a4bec6-1c43-4c2c-8d35-5fa5811305ee}</UniqueIdentifier>
    </Filter>
    <Filter Include="01. Utility\04. Component\04. Model">
      <UniqueIdentifier>{cf9118a9-f19b-42de-928a-89d86b473076}</UniqueIdentifier>
    </Filter>
    <Filter Include="01. Utility\03. GameObject\04. StaticMesh">
      <UniqueIdentifier>{c8ff0aec-fb57-40b8-952a-dc98ee15ff39}</UniqueIdentifier>
    </Filter>
    <Filter Include="95. Manager\08. UI">
      <UniqueIdentifier>{4bd73bac-99e7-465e-8f7d-92f741d2b15a}</UniqueIdentifier>
    </Filter>
    <Filter Include="01. Utility\09. Material">
      <UniqueIdentifier>{c624a938-8ad7-4ed0-bc5b-31b2fd09a29a}</UniqueIdentifier>
    </Filter>
    <Filter Include="01. Utility\03. GameObject\02. UI\00. Text">
      <UniqueIdentifier>{ce9dc287-2d3d-47b8-9f8f-f0639bf0b413}</UniqueIdentifier>
    </Filter>
    <Filter Include="01. Utility\03. GameObject\02. UI\00. UI Animation">
      <UniqueIdentifier>{51528b2e-0855-4634-a79c-3a7b7a3cec00}</UniqueIdentifier>
    </Filter>
    <Filter Include="10. Notify">
      <UniqueIdentifier>{998c659e-9beb-45b6-9825-64e4cbdc5346}</UniqueIdentifier>
    </Filter>
    <Filter Include="01. Utility\03. GameObject\04. ContainerObject">
      <UniqueIdentifier>{e88a5c61-3fc2-485c-a107-cc67355ec2ad}</UniqueIdentifier>
    </Filter>
    <Filter Include="01. Utility\03. GameObject\05. PartObject">
      <UniqueIdentifier>{6cbe092d-ee49-4ea8-bb77-349d1fd05792}</UniqueIdentifier>
    </Filter>
    <Filter Include="11. Cinematic">
      <UniqueIdentifier>{9a19d8a6-5997-4e24-a5f2-bd69c1aaaadb}</UniqueIdentifier>
    </Filter>
    <Filter Include="01. Utility\10. Bouding">
      <UniqueIdentifier>{4080c360-bf9d-4d93-ae71-dde584ab6947}</UniqueIdentifier>
    </Filter>
    <Filter Include="01. Utility\07. ShaderFiles">
      <UniqueIdentifier>{279ac248-de5e-47cb-9466-9bacfc23845d}</UniqueIdentifier>
    </Filter>
  </ItemGroup>
  <ItemGroup>
    <ClCompile Include="..\Private\Base.cpp">
      <Filter>01. Utility\99. SuperClass</Filter>
    </ClCompile>
    <ClCompile Include="..\Private\Timer.cpp">
      <Filter>00. System\01. Timer</Filter>
    </ClCompile>
    <ClCompile Include="..\Private\Timer_Manager.cpp">
      <Filter>00. System\01. Timer</Filter>
    </ClCompile>
    <ClCompile Include="..\Private\Graphic_Device.cpp">
      <Filter>00. System\00. Device</Filter>
    </ClCompile>
    <ClCompile Include="..\Private\GameInstance.cpp">
      <Filter>01. Utility\00. GameInstance</Filter>
    </ClCompile>
    <ClCompile Include="pch.cpp">
      <Filter>98. Default</Filter>
    </ClCompile>
    <ClCompile Include="..\Private\Level.cpp">
      <Filter>01. Utility\01. Levels</Filter>
    </ClCompile>
    <ClCompile Include="..\Private\Level_Manager.cpp">
      <Filter>01. Utility\01. Levels\Manager</Filter>
    </ClCompile>
    <ClCompile Include="..\Private\Prototype_Manager.cpp">
      <Filter>01. Utility\02. Prototype</Filter>
    </ClCompile>
    <ClCompile Include="..\Private\Component.cpp">
      <Filter>01. Utility\04. Component</Filter>
    </ClCompile>
    <ClCompile Include="..\Private\GameObject.cpp">
      <Filter>01. Utility\03. GameObject</Filter>
    </ClCompile>
    <ClCompile Include="..\Private\Layer.cpp">
      <Filter>01. Utility\03. GameObject\01. Layer</Filter>
    </ClCompile>
    <ClCompile Include="..\Private\Renderer.cpp">
      <Filter>01. Utility\05. Rendering</Filter>
    </ClCompile>
    <ClCompile Include="..\Private\RenderTarget.cpp">
      <Filter>01. Utility\05. Rendering</Filter>
    </ClCompile>
    <ClCompile Include="..\Private\Transform.cpp">
      <Filter>01. Utility\04. Component\00. Transform</Filter>
    </ClCompile>
    <ClCompile Include="..\Private\Texture.cpp">
      <Filter>01. Utility\04. Component\01. Texture</Filter>
    </ClCompile>
    <ClCompile Include="..\Private\Utils.cpp">
      <Filter>01. Utility\98. Utils</Filter>
    </ClCompile>
    <ClCompile Include="..\Private\Controller.cpp">
      <Filter>01. Utility\03. GameObject\99. Controller</Filter>
    </ClCompile>
    <ClCompile Include="..\Private\AnimNotify_Factory.cpp">
      <Filter>01. Utility\98. Utils\00. Factory</Filter>
    </ClCompile>
    <ClCompile Include="..\Private\Component_Factory.cpp">
      <Filter>01. Utility\98. Utils\00. Factory</Filter>
    </ClCompile>
    <ClCompile Include="..\Private\Object_Manager.cpp">
      <Filter>95. Manager\01. Object</Filter>
    </ClCompile>
    <ClCompile Include="..\Private\Input_Manager.cpp">
      <Filter>95. Manager\00. Input</Filter>
    </ClCompile>
    <ClCompile Include="..\Private\Event_Manager.cpp">
      <Filter>95. Manager\02. Event</Filter>
    </ClCompile>
    <ClCompile Include="..\Private\Prefab_Manager.cpp">
      <Filter>95. Manager\03. Prefab</Filter>
    </ClCompile>
    <ClCompile Include="..\Private\GameObject_Factory.cpp">
      <Filter>01. Utility\98. Utils\00. Factory</Filter>
    </ClCompile>
    <ClCompile Include="..\Private\VIBuffer.cpp">
      <Filter>01. Utility\04. Component\02. VIBuffer</Filter>
    </ClCompile>
    <ClCompile Include="..\Private\VIBuffer_Rect.cpp">
      <Filter>01. Utility\04. Component\02. VIBuffer\00. Rect</Filter>
    </ClCompile>
    <ClCompile Include="..\Private\Blackboard.cpp">
      <Filter>01. Utility\06. Behavior Tree\00. Blackboard</Filter>
    </ClCompile>
    <ClCompile Include="..\Private\BTNode.cpp">
      <Filter>01. Utility\06. Behavior Tree\01. BT Node</Filter>
    </ClCompile>
    <ClCompile Include="..\Private\BTComposite.cpp">
      <Filter>01. Utility\06. Behavior Tree\02. Composite Node</Filter>
    </ClCompile>
    <ClCompile Include="..\Private\BTTask.cpp">
      <Filter>01. Utility\06. Behavior Tree\03. Task Node</Filter>
    </ClCompile>
    <ClCompile Include="..\Private\BTTask_Wait.cpp">
      <Filter>01. Utility\06. Behavior Tree\03. Task Node</Filter>
    </ClCompile>
    <ClCompile Include="..\Private\BehaviorTree.cpp">
      <Filter>01. Utility\06. Behavior Tree\99. Component</Filter>
    </ClCompile>
    <ClCompile Include="..\Private\VIBuffer_Terrain.cpp">
      <Filter>01. Utility\04. Component\02. VIBuffer\02. Terrain</Filter>
    </ClCompile>
    <ClCompile Include="..\Private\PipeLine.cpp">
      <Filter>01. Utility\07. PipeLine</Filter>
    </ClCompile>
    <ClCompile Include="..\Private\Camera.cpp">
      <Filter>01. Utility\03. GameObject\03. Camera</Filter>
    </ClCompile>
    <ClCompile Include="..\Private\BTNode_Factory.cpp">
      <Filter>96. Factory</Filter>
    </ClCompile>
    <ClCompile Include="..\Private\BTRoot.cpp">
      <Filter>01. Utility\06. Behavior Tree\01. BT Node</Filter>
    </ClCompile>
    <ClCompile Include="..\Private\BTTask_MoveTo.cpp">
      <Filter>01. Utility\06. Behavior Tree\03. Task Node</Filter>
    </ClCompile>
    <ClCompile Include="..\Private\UIObject.cpp">
      <Filter>01. Utility\03. GameObject\02. UI</Filter>
    </ClCompile>
    <ClCompile Include="..\Private\Character.cpp">
      <Filter>01. Utility\03. GameObject</Filter>
    </ClCompile>
    <ClCompile Include="..\Private\Shader.cpp">
      <Filter>01. Utility\04. Component\03. Shader</Filter>
    </ClCompile>
    <ClCompile Include="..\Private\Debug_Manager.cpp">
      <Filter>95. Manager\04. Debug</Filter>
    </ClCompile>
    <ClCompile Include="..\Private\Camera_Manager.cpp">
      <Filter>95. Manager\05. Camera</Filter>
    </ClCompile>
    <ClCompile Include="..\Private\DelegateHub.cpp">
      <Filter>01. Utility\98. Utils\01. Delegate</Filter>
    </ClCompile>
    <ClCompile Include="..\Private\Delegate.cpp">
      <Filter>01. Utility\98. Utils\01. Delegate</Filter>
    </ClCompile>
    <ClCompile Include="..\Private\Light.cpp">
      <Filter>01. Utility\08. Lights</Filter>
    </ClCompile>
    <ClCompile Include="..\Private\Asset_Manager.cpp">
      <Filter>95. Manager\07. Asset</Filter>
    </ClCompile>
    <ClCompile Include="..\Private\Light_Manager.cpp">
      <Filter>95. Manager\06. Light</Filter>
    </ClCompile>
    <ClCompile Include="..\Private\Mesh.cpp">
      <Filter>01. Utility\04. Component\05. Mesh</Filter>
    </ClCompile>
    <ClCompile Include="..\Private\ICommand.cpp">
      <Filter>01. Utility\98. Utils</Filter>
    </ClCompile>
    <ClCompile Include="..\Private\UI_Manager.cpp">
      <Filter>95. Manager\08. UI</Filter>
    </ClCompile>
    <ClCompile Include="..\Private\HUD.cpp">
      <Filter>01. Utility\03. GameObject\02. UI</Filter>
    </ClCompile>
    <ClCompile Include="..\Private\Panel.cpp">
      <Filter>01. Utility\03. GameObject\02. UI</Filter>
    </ClCompile>
    <ClCompile Include="..\Private\ModelMaterial.cpp">
      <Filter>01. Utility\09. Material</Filter>
    </ClCompile>
    <ClCompile Include="..\Private\DebugDraw.cpp">
      <Filter>01. Utility\98. Utils</Filter>
    </ClCompile>
    <ClCompile Include="..\Private\Model_BinaryLoader.cpp">
      <Filter>01. Utility\98. Utils</Filter>
    </ClCompile>
    <ClCompile Include="..\Private\PlayerStart.cpp">
      <Filter>01. Utility\03. GameObject\98. PlayerStart</Filter>
    </ClCompile>
    <ClCompile Include="..\Private\Text_Renderer.cpp">
      <Filter>01. Utility\03. GameObject\02. UI\00. Text</Filter>
    </ClCompile>
    <ClCompile Include="..\Private\UI_Text.cpp">
      <Filter>01. Utility\03. GameObject\02. UI\00. Text</Filter>
    </ClCompile>
    <ClCompile Include="..\Private\UI_AnimPlayer.cpp">
      <Filter>01. Utility\03. GameObject\02. UI\00. UI Animation</Filter>
    </ClCompile>
    <ClCompile Include="..\Private\UI_AnimSerializer.cpp">
      <Filter>01. Utility\03. GameObject\02. UI\00. UI Animation</Filter>
    </ClCompile>
    <ClCompile Include="..\Private\UI_AnimUtility.cpp">
      <Filter>01. Utility\03. GameObject\02. UI\00. UI Animation</Filter>
    </ClCompile>
    <ClCompile Include="..\Private\AnimNotifyState.cpp">
      <Filter>10. Notify</Filter>
    </ClCompile>
    <ClCompile Include="..\Private\AnimNotify.cpp">
      <Filter>10. Notify</Filter>
    </ClCompile>
    <ClCompile Include="..\Private\ContainerObject.cpp">
      <Filter>01. Utility\03. GameObject\04. ContainerObject</Filter>
    </ClCompile>
    <ClCompile Include="..\Private\PartObject.cpp">
      <Filter>01. Utility\03. GameObject\05. PartObject</Filter>
    </ClCompile>
    <ClCompile Include="..\Private\Animation_Manager.cpp">
      <Filter>10. Notify</Filter>
    </ClCompile>
    <ClCompile Include="..\Private\AnimNotify_Serializer.cpp">
      <Filter>10. Notify</Filter>
    </ClCompile>
    <ClCompile Include="..\Private\Animation.cpp">
      <Filter>01. Utility\04. Component</Filter>
    </ClCompile>
    <ClCompile Include="..\Private\Bone.cpp">
      <Filter>01. Utility\04. Component</Filter>
    </ClCompile>
    <ClCompile Include="..\Private\Channel.cpp">
      <Filter>01. Utility\04. Component</Filter>
    </ClCompile>
    <ClCompile Include="..\Private\Model.cpp">
      <Filter>01. Utility\04. Component</Filter>
    </ClCompile>
    <ClCompile Include="..\Private\CameraTrack_Serializer.cpp">
      <Filter>11. Cinematic</Filter>
    </ClCompile>
    <ClCompile Include="..\Private\CameraTrack_Player.cpp">
      <Filter>11. Cinematic</Filter>
    </ClCompile>
    <ClCompile Include="..\Private\Camera_Cinematic.cpp">
      <Filter>11. Cinematic</Filter>
    </ClCompile>
    <ClCompile Include="..\Private\BTTask_SetAnimState.cpp">
      <Filter>01. Utility\06. Behavior Tree\03. Task Node</Filter>
    </ClCompile>
    <ClCompile Include="..\Private\AN_PlaySound.cpp">
      <Filter>10. Notify</Filter>
    </ClCompile>
    <ClCompile Include="..\Private\Sound_Manager.cpp">
      <Filter>95. Manager</Filter>
    </ClCompile>
    <ClCompile Include="..\Private\Collider.cpp" />
    <ClCompile Include="..\Private\Bounding.cpp">
      <Filter>01. Utility\10. Bouding</Filter>
    </ClCompile>
    <ClCompile Include="..\Private\Bounding_AABB.cpp">
      <Filter>01. Utility\10. Bouding</Filter>
    </ClCompile>
    <ClCompile Include="..\Private\Bounding_OBB.cpp">
      <Filter>01. Utility\10. Bouding</Filter>
    </ClCompile>
    <ClCompile Include="..\Private\Bounding_Sphere.cpp">
      <Filter>01. Utility\10. Bouding</Filter>
    </ClCompile>
    <ClCompile Include="..\Private\Bounding_Capsule.cpp">
      <Filter>01. Utility\10. Bouding</Filter>
    </ClCompile>
    <ClCompile Include="..\Private\Collision_Manager.cpp" />
    <ClCompile Include="..\Private\ProjectileComponent.cpp" />
    <ClCompile Include="..\Private\MovementComponent.cpp" />
  </ItemGroup>
  <ItemGroup>
    <None Include="..\..\vkpkg.json">
      <Filter>98. Default</Filter>
    </None>
    <None Include="..\..\UpdateLib.bat">
      <Filter>98. Default</Filter>
    </None>
    <None Include="..\Bin\Shaders\Engine_Shader_Defines.hlsli">
      <Filter>01. Utility\07. ShaderFiles</Filter>
    </None>
  </ItemGroup>
</Project>