<?xml version="1.0" encoding="utf-8"?>
<Project ToolsVersion="4.0" xmlns="http://schemas.microsoft.com/developer/msbuild/2003">
  <ItemGroup>
    <ClInclude Include="Client.h">
      <Filter>98. Default</Filter>
    </ClInclude>
    <ClInclude Include="Resource.h">
      <Filter>98. Default</Filter>
    </ClInclude>
    <ClInclude Include="targetver.h">
      <Filter>98. Default</Filter>
    </ClInclude>
    <ClInclude Include="..\Public\MainApp.h">
      <Filter>00. MainApp</Filter>
    </ClInclude>
    <ClInclude Include="pch.h">
      <Filter>98. Default</Filter>
    </ClInclude>
    <ClInclude Include="..\Public\Client_Defines.h">
      <Filter>99. Defines</Filter>
    </ClInclude>
    <ClInclude Include="..\Public\Level_Loading.h">
      <Filter>01. Levels\00. Loading</Filter>
    </ClInclude>
    <ClInclude Include="..\Public\Loader.h">
      <Filter>01. Levels\00. Loading\Loader</Filter>
    </ClInclude>
    <ClInclude Include="..\Public\Level_Logo.h">
      <Filter>01. Levels\01. Logo</Filter>
    </ClInclude>
    <ClInclude Include="..\Public\Level_Gameplay.h">
      <Filter>01. Levels\02. GamePlay</Filter>
    </ClInclude>
    <ClInclude Include="..\Public\Background.h">
      <Filter>02. GameObject</Filter>
    </ClInclude>
    <ClInclude Include="..\Public\IconsFontAwesome6.h">
      <Filter>98. Default</Filter>
    </ClInclude>
    <ClInclude Include="..\Public\Protocol_Wrapper.h">
      <Filter>98. Default</Filter>
    </ClInclude>
    <ClInclude Include="..\Public\Client_PacketHandler.h">
      <Filter>96. Network</Filter>
    </ClInclude>
    <ClInclude Include="..\Public\NetworkManager.h">
      <Filter>96. Network</Filter>
    </ClInclude>
    <ClInclude Include="..\Public\ServerSession.h">
      <Filter>96. Network</Filter>
    </ClInclude>
    <ClInclude Include="..\Public\TestPlayer.h">
      <Filter>02. GameObject</Filter>
    </ClInclude>
    <ClInclude Include="..\Public\Client_Macro.h">
      <Filter>99. Defines</Filter>
    </ClInclude>
    <ClInclude Include="..\Public\Client_Enum.h">
      <Filter>99. Defines</Filter>
    </ClInclude>
    <ClInclude Include="..\Public\CombatStat.h">
      <Filter>03. Component</Filter>
    </ClInclude>
    <ClInclude Include="..\Public\Replicator.h" />
    <ClInclude Include="..\Public\IReplicable.h">
      <Filter>95. Interface</Filter>
    </ClInclude>
  </ItemGroup>
  <ItemGroup>
    <ClCompile Include="Client.cpp">
      <Filter>98. Default</Filter>
    </ClCompile>
    <ClCompile Include="..\Private\MainApp.cpp">
      <Filter>00. MainApp</Filter>
    </ClCompile>
    <ClCompile Include="pch.cpp">
      <Filter>98. Default</Filter>
    </ClCompile>
    <ClCompile Include="..\Private\Level_Loading.cpp">
      <Filter>01. Levels\00. Loading</Filter>
    </ClCompile>
    <ClCompile Include="..\Private\Loader.cpp">
      <Filter>01. Levels\00. Loading\Loader</Filter>
    </ClCompile>
    <ClCompile Include="..\Private\Level_Logo.cpp">
      <Filter>01. Levels\01. Logo</Filter>
    </ClCompile>
    <ClCompile Include="..\Private\Level_Gameplay.cpp">
      <Filter>01. Levels\02. GamePlay</Filter>
    </ClCompile>
    <ClCompile Include="..\Private\Background.cpp">
      <Filter>02. GameObject</Filter>
    </ClCompile>
    <ClCompile Include="..\..\Server\Protobuf\Bin\Enum.pb.cc">
      <Filter>97. Protocol</Filter>
    </ClCompile>
    <ClCompile Include="..\..\Server\Protobuf\Bin\Protocol.pb.cc">
      <Filter>97. Protocol</Filter>
    </ClCompile>
    <ClCompile Include="..\..\Server\Protobuf\Bin\Struct.pb.cc">
      <Filter>97. Protocol</Filter>
    </ClCompile>
    <ClCompile Include="..\Private\Client_PacketHandler.cpp">
      <Filter>96. Network</Filter>
    </ClCompile>
    <ClCompile Include="..\Private\NetworkManager.cpp">
      <Filter>96. Network</Filter>
    </ClCompile>
    <ClCompile Include="..\Private\ServerSession.cpp">
      <Filter>96. Network</Filter>
    </ClCompile>
    <ClCompile Include="..\Private\TestPlayer.cpp">
      <Filter>02. GameObject</Filter>
    </ClCompile>
    <ClCompile Include="..\Private\CombatStat.cpp">
      <Filter>03. Component</Filter>
    </ClCompile>
    <ClCompile Include="..\Private\Replicator.cpp" />
    <ClCompile Include="IReplicable.cpp">
      <Filter>95. Interface</Filter>
    </ClCompile>
  </ItemGroup>
  <ItemGroup>
    <Filter Include="99. Defines">
      <UniqueIdentifier>{bfe5fc8f-f1fa-4e2e-91c7-ce52d34bcd41}</UniqueIdentifier>
    </Filter>
    <Filter Include="98. Default">
      <UniqueIdentifier>{9390e98b-3174-42d8-a93e-75848ddd0bde}</UniqueIdentifier>
    </Filter>
    <Filter Include="00. MainApp">
      <UniqueIdentifier>{be7ebf18-777a-47a0-b9ee-317405d664f9}</UniqueIdentifier>
    </Filter>
    <Filter Include="01. Levels">
      <UniqueIdentifier>{602279df-a6bf-4d0d-a5d7-36c9f139fad8}</UniqueIdentifier>
    </Filter>
    <Filter Include="01. Levels\00. Loading">
      <UniqueIdentifier>{50520abd-aed1-4511-8551-af0e9b3e55a1}</UniqueIdentifier>
    </Filter>
    <Filter Include="01. Levels\01. Logo">
      <UniqueIdentifier>{2e50a110-967f-4faa-9713-38d22bea33cd}</UniqueIdentifier>
    </Filter>
    <Filter Include="01. Levels\02. GamePlay">
      <UniqueIdentifier>{c58091b5-21bf-4f78-ae91-95a21cea922d}</UniqueIdentifier>
    </Filter>
    <Filter Include="01. Levels\00. Loading\Loader">
      <UniqueIdentifier>{d57f9a79-cbfe-4f7c-88b6-26fcaae93bdf}</UniqueIdentifier>
    </Filter>
    <Filter Include="02. GameObject">
      <UniqueIdentifier>{51d814c6-ec28-40cd-8ba1-9221474af90f}</UniqueIdentifier>
    </Filter>
    <Filter Include="97. Protocol">
      <UniqueIdentifier>{3a0cc2be-c85a-436f-9e79-54cd74efe1e2}</UniqueIdentifier>
    </Filter>
    <Filter Include="96. Network">
      <UniqueIdentifier>{88f9c09b-d653-4b7f-a883-1d52d95d8814}</UniqueIdentifier>
    </Filter>
    <Filter Include="03. Component">
      <UniqueIdentifier>{28328586-fc83-4acc-970a-e40cb2a46d24}</UniqueIdentifier>
    </Filter>
    <Filter Include="95. Interface">
      <UniqueIdentifier>{66b6121a-acd5-4ea7-af12-36260b4f830d}</UniqueIdentifier>
    </Filter>
    <Filter Include="94. Shaders">
      <UniqueIdentifier>{26187d37-f982-4760-bfd2-5e0e140aba91}</UniqueIdentifier>
    </Filter>
  </ItemGroup>
  <ItemGroup>
    <Image Include="small.ico">
      <Filter>98. Default</Filter>
    </Image>
  </ItemGroup>
  <ItemGroup>
    <ResourceCompile Include="Client.rc">
      <Filter>98. Default</Filter>
    </ResourceCompile>
  </ItemGroup>
  <ItemGroup>
    <FxCompile Include="..\Bin\Shaders\Shader_VtxTex.hlsl">
      <Filter>94. Shaders</Filter>
    </FxCompile>
  </ItemGroup>
</Project>