<?xml version="1.0" encoding="utf-8"?>
<Project ToolsVersion="4.0" xmlns="http://schemas.microsoft.com/developer/msbuild/2003">
  <ItemGroup>
    <ClInclude Include="Client.h">
      <Filter>98. Default</Filter>
    </ClInclude>
    <ClInclude Include="Resource.h">
      <Filter>98. Default</Filter>
    </ClInclude>
    <ClInclude Include="targetver.h">
      <Filter>98. Default</Filter>
    </ClInclude>
    <ClInclude Include="..\Public\CMainApp.h">
      <Filter>00. MainApp</Filter>
    </ClInclude>
    <ClInclude Include="framework.h">
      <Filter>98. Default</Filter>
    </ClInclude>
    <ClInclude Include="pch.h">
      <Filter>98. Default</Filter>
    </ClInclude>
    <ClInclude Include="..\Public\Client_Defines.h">
      <Filter>99. Defines</Filter>
    </ClInclude>
    <ClInclude Include="..\Public\CLevel_Loading.h">
      <Filter>01. Levels\00. Loading</Filter>
    </ClInclude>
  </ItemGroup>
  <ItemGroup>
    <ClCompile Include="Client.cpp">
      <Filter>98. Default</Filter>
    </ClCompile>
    <ClCompile Include="..\Private\CMainApp.cpp">
      <Filter>00. MainApp</Filter>
    </ClCompile>
    <ClCompile Include="pch.cpp">
      <Filter>98. Default</Filter>
    </ClCompile>
    <ClCompile Include="..\Private\CLevel_Loading.cpp">
      <Filter>01. Levels\00. Loading</Filter>
    </ClCompile>
  </ItemGroup>
  <ItemGroup>
    <Filter Include="99. Defines">
      <UniqueIdentifier>{bfe5fc8f-f1fa-4e2e-91c7-ce52d34bcd41}</UniqueIdentifier>
    </Filter>
    <Filter Include="98. Default">
      <UniqueIdentifier>{9390e98b-3174-42d8-a93e-75848ddd0bde}</UniqueIdentifier>
    </Filter>
    <Filter Include="00. MainApp">
      <UniqueIdentifier>{be7ebf18-777a-47a0-b9ee-317405d664f9}</UniqueIdentifier>
    </Filter>
    <Filter Include="01. Levels">
      <UniqueIdentifier>{602279df-a6bf-4d0d-a5d7-36c9f139fad8}</UniqueIdentifier>
    </Filter>
    <Filter Include="01. Levels\00. Loading">
      <UniqueIdentifier>{50520abd-aed1-4511-8551-af0e9b3e55a1}</UniqueIdentifier>
    </Filter>
    <Filter Include="01. Levels\01. Logo">
      <UniqueIdentifier>{2e50a110-967f-4faa-9713-38d22bea33cd}</UniqueIdentifier>
    </Filter>
    <Filter Include="01. Levels\02. GamePlay">
      <UniqueIdentifier>{c58091b5-21bf-4f78-ae91-95a21cea922d}</UniqueIdentifier>
    </Filter>
  </ItemGroup>
  <ItemGroup>
    <ResourceCompile Include="Client.rc" />
  </ItemGroup>
  <ItemGroup>
    <Image Include="small.ico">
      <Filter>98. Default</Filter>
    </Image>
  </ItemGroup>
</Project>