<?xml version="1.0" encoding="utf-8"?>
<Project ToolsVersion="4.0" xmlns="http://schemas.microsoft.com/developer/msbuild/2003">
  <ItemGroup>
    <ClInclude Include="Client.h">
      <Filter>98. Default</Filter>
    </ClInclude>
    <ClInclude Include="Resource.h">
      <Filter>98. Default</Filter>
    </ClInclude>
    <ClInclude Include="targetver.h">
      <Filter>98. Default</Filter>
    </ClInclude>
    <ClInclude Include="pch.h">
      <Filter>98. Default</Filter>
    </ClInclude>
    <ClInclude Include="..\Public\Client_Defines.h">
      <Filter>99. Defines</Filter>
    </ClInclude>
    <ClInclude Include="..\Public\Level_Loading.h">
      <Filter>01. Levels\00. Loading</Filter>
    </ClInclude>
    <ClInclude Include="..\Public\Loader.h">
      <Filter>01. Levels\00. Loading\Loader</Filter>
    </ClInclude>
    <ClInclude Include="..\Public\Level_MainTitle.h">
      <Filter>01. Levels\01. MainTitle</Filter>
    </ClInclude>
    <ClInclude Include="..\Public\Level_Gameplay.h">
      <Filter>01. Levels\02. GamePlay</Filter>
    </ClInclude>
    <ClInclude Include="..\Public\IconsFontAwesome6.h">
      <Filter>98. Default</Filter>
    </ClInclude>
    <ClInclude Include="..\Public\Protocol_Wrapper.h">
      <Filter>98. Default</Filter>
    </ClInclude>
    <ClInclude Include="..\Public\Client_Macro.h">
      <Filter>99. Defines</Filter>
    </ClInclude>
    <ClInclude Include="..\Public\Client_Enum.h">
      <Filter>99. Defines</Filter>
    </ClInclude>
    <ClInclude Include="..\Public\IReplicable.h">
      <Filter>95. Interface</Filter>
    </ClInclude>
    <ClInclude Include="..\Public\ResourceLoader.h">
      <Filter>01. Levels\00. Loading\Loader</Filter>
    </ClInclude>
    <ClInclude Include="..\Public\CombatStat.h">
      <Filter>03. Component\00. CombatStat</Filter>
    </ClInclude>
    <ClInclude Include="..\Public\AIController.h">
      <Filter>02. GameObject\05. Controller</Filter>
    </ClInclude>
    <ClInclude Include="..\Public\PlayerController.h">
      <Filter>02. GameObject\05. Controller</Filter>
    </ClInclude>
    <ClInclude Include="..\Public\Replicator.h">
      <Filter>03. Component\99. Replicator</Filter>
    </ClInclude>
    <ClInclude Include="..\Public\InputComponent.h">
      <Filter>03. Component\01. Input</Filter>
    </ClInclude>
    <ClInclude Include="..\Public\Spawn_Helper.h">
      <Filter>99. Utils</Filter>
    </ClInclude>
    <ClInclude Include="..\Public\Terrain.h">
      <Filter>02. GameObject\03, Terrain</Filter>
    </ClInclude>
    <ClInclude Include="..\Public\Camera_Free.h">
      <Filter>02. GameObject\04. Camera</Filter>
    </ClInclude>
    <ClInclude Include="..\Public\MovementComponent.h">
      <Filter>03. Component\02. Movement</Filter>
    </ClInclude>
    <ClInclude Include="..\Public\Player.h">
      <Filter>02. GameObject\00. Player</Filter>
    </ClInclude>
    <ClInclude Include="..\Public\Monster.h">
      <Filter>02. GameObject\01. Monster</Filter>
    </ClInclude>
    <ClInclude Include="..\Public\Client_PacketHandler.h">
      <Filter>96. Network</Filter>
    </ClInclude>
    <ClInclude Include="..\Public\NetworkManager.h">
      <Filter>96. Network</Filter>
    </ClInclude>
    <ClInclude Include="..\Public\ServerSession.h">
      <Filter>96. Network</Filter>
    </ClInclude>
    <ClInclude Include="..\Public\MyPlayer.h">
      <Filter>02. GameObject\00. Player\00. Network</Filter>
    </ClInclude>
    <ClInclude Include="..\Public\RemotePlayer.h">
      <Filter>02. GameObject\00. Player\00. Network</Filter>
    </ClInclude>
    <ClInclude Include="..\Public\StaticMeshActor.h">
      <Filter>02. GameObject\06. StaticMesh</Filter>
    </ClInclude>
    <ClInclude Include="..\Public\PlayerStateMachine.h">
      <Filter>03. Component\03. PlayerState</Filter>
    </ClInclude>
    <ClInclude Include="..\Public\IPlayerState.h">
      <Filter>95. Interface</Filter>
    </ClInclude>
    <ClInclude Include="..\Public\Camera_Target.h">
      <Filter>02. GameObject\04. Camera</Filter>
    </ClInclude>
    <ClInclude Include="..\Public\UI_PlayerStatus.h">
      <Filter>02. GameObject\02. UI\02. Player\00. PlayerStat</Filter>
    </ClInclude>
    <ClInclude Include="..\Public\UI_PlayerSkill.h">
      <Filter>02. GameObject\02. UI\02. Player\01. Skill</Filter>
    </ClInclude>
    <ClInclude Include="..\public\UI_PlayerHP.h">
      <Filter>02. GameObject\02. UI\02. Player\00. PlayerStat</Filter>
    </ClInclude>
    <ClInclude Include="..\Public\UI_PlayerHUD.h">
      <Filter>02. GameObject\02. UI\02. Player\00. PlayerStat</Filter>
    </ClInclude>
    <ClInclude Include="..\Public\Client_Struct.h">
      <Filter>99. Defines</Filter>
    </ClInclude>
    <ClInclude Include="..\Public\SkillDataManager.h">
      <Filter>00. Manager</Filter>
    </ClInclude>
    <ClInclude Include="..\Public\SkillComponent.h" />
    <ClInclude Include="..\Public\UI_SkillSlot.h">
      <Filter>02. GameObject\02. UI\02. Player\01. Skill</Filter>
    </ClInclude>
    <ClInclude Include="..\Public\UI_LoadingProgressBar.h">
      <Filter>02. GameObject\02. UI\00. Common</Filter>
    </ClInclude>
    <ClInclude Include="..\Public\UI_LoadingSpinner.h">
      <Filter>02. GameObject\02. UI\00. Common</Filter>
    </ClInclude>
    <ClInclude Include="..\Public\UI_MainTitleMenuButton.h" />
    <ClInclude Include="..\Public\Background.h">
      <Filter>02. GameObject\02. UI\01. Background</Filter>
    </ClInclude>
    <ClInclude Include="..\Public\PlayerState_DoubleJump.h">
      <Filter>03. Component\03. PlayerState\00. PlayerState\00. Base</Filter>
    </ClInclude>
    <ClInclude Include="..\Public\PlayerState_Idle.h">
      <Filter>03. Component\03. PlayerState\00. PlayerState\00. Base</Filter>
    </ClInclude>
    <ClInclude Include="..\Public\PlayerState_Jump.h">
      <Filter>03. Component\03. PlayerState\00. PlayerState\00. Base</Filter>
    </ClInclude>
    <ClInclude Include="..\Public\PlayerState_Run.h">
      <Filter>03. Component\03. PlayerState\00. PlayerState\00. Base</Filter>
    </ClInclude>
    <ClInclude Include="..\Public\PlayerState_SuperJump.h">
      <Filter>03. Component\03. PlayerState\00. PlayerState\00. Base</Filter>
    </ClInclude>
    <ClInclude Include="..\Public\PlayerState_SuperJumpCharge.h">
      <Filter>03. Component\03. PlayerState\00. PlayerState\00. Base</Filter>
    </ClInclude>
    <ClInclude Include="..\Public\PlayerState_HeightLand.h">
      <Filter>03. Component\03. PlayerState\00. PlayerState\00. Base</Filter>
    </ClInclude>
    <ClInclude Include="..\Public\Level_CharacterSetup.h">
      <Filter>01. Levels\03. Equipment</Filter>
    </ClInclude>
    <ClInclude Include="..\Public\PlayerState_Dash.h">
      <Filter>03. Component\03. PlayerState\00. PlayerState\00. Base</Filter>
    </ClInclude>
    <ClInclude Include="..\Public\AnimationStateComponent.h" />
    <ClInclude Include="..\Public\AN_Test.h">
      <Filter>04. Notify\00. AnimNotify</Filter>
    </ClInclude>
    <ClInclude Include="..\Public\Player_CustomPart.h">
      <Filter>02. GameObject\00. Player\02. Parts</Filter>
    </ClInclude>
    <ClInclude Include="..\Public\UI_TabButton.h">
      <Filter>02. GameObject\02. UI\00. Common</Filter>
    </ClInclude>
    <ClInclude Include="..\Public\PreviewPlayer.h" />
    <ClInclude Include="..\Public\Customizer_Manager.h" />
    <ClInclude Include="..\Public\Weapon.h" />
    <ClInclude Include="..\Public\PlayerState_Skill.h">
      <Filter>03. Component\03. PlayerState\00. PlayerState\01. Attack</Filter>
    </ClInclude>
    <ClInclude Include="..\Public\PlayerState_JumpDash.h">
      <Filter>03. Component\03. PlayerState\00. PlayerState\00. Base</Filter>
    </ClInclude>
    <ClInclude Include="..\Public\PlayerState_Attack.h">
      <Filter>03. Component\03. PlayerState\00. PlayerState\01. Attack</Filter>
    </ClInclude>
    <ClInclude Include="..\Public\ANS_Test.h">
      <Filter>04. Notify\01. AnimNotifyState</Filter>
    </ClInclude>
    <ClInclude Include="..\Public\ANS_ComboWindow.h" />
    <ClInclude Include="..\Public\ANS_CollisionEnable.h" />
    <ClInclude Include="..\Public\UI_WeaponType.h">
      <Filter>02. GameObject\02. UI\02. Player\00. PlayerStat</Filter>
    </ClInclude>
    <ClInclude Include="..\Public\EquipmentComponent.h" />
    <ClInclude Include="..\Public\ComboProfile_Manager.h" />
    <ClInclude Include="..\Public\PlayerState_JumpAttack.h">
      <Filter>03. Component\03. PlayerState\00. PlayerState\01. Attack</Filter>
    </ClInclude>
    <ClInclude Include="..\Public\SkillObject.h" />
    <ClInclude Include="..\Public\SkillObject_Projectile.h" />
    <ClInclude Include="..\Public\AN_SpawnSkill.h" />
    <ClInclude Include="..\Public\Skill_RasenShuriken.h" />
    <ClInclude Include="..\Public\Skill_Rasengan.h" />
    <ClInclude Include="..\Public\PlayerState_JumpFall.h">
      <Filter>03. Component\03. PlayerState\00. PlayerState\00. Base</Filter>
    </ClInclude>
    <ClInclude Include="..\Public\UI_AnnounceCombo.h" />
    <ClInclude Include="..\Public\PlayerState_Hit.h" />
  </ItemGroup>
  <ItemGroup>
    <ClCompile Include="pch.cpp">
      <Filter>98. Default</Filter>
    </ClCompile>
    <ClCompile Include="..\Private\Level_Loading.cpp">
      <Filter>01. Levels\00. Loading</Filter>
    </ClCompile>
    <ClCompile Include="..\Private\Loader.cpp">
      <Filter>01. Levels\00. Loading\Loader</Filter>
    </ClCompile>
    <ClCompile Include="..\Private\Level_MainTitle.cpp">
      <Filter>01. Levels\01. MainTitle</Filter>
    </ClCompile>
    <ClCompile Include="..\Private\Level_Gameplay.cpp">
      <Filter>01. Levels\02. GamePlay</Filter>
    </ClCompile>
    <ClCompile Include="IReplicable.cpp">
      <Filter>95. Interface</Filter>
    </ClCompile>
    <ClCompile Include="..\Private\ResourceLoader.cpp">
      <Filter>01. Levels\00. Loading\Loader</Filter>
    </ClCompile>
    <ClCompile Include="..\Private\CombatStat.cpp">
      <Filter>03. Component\00. CombatStat</Filter>
    </ClCompile>
    <ClCompile Include="..\..\Server\Protobuf\Bin\Enum.pb.cc">
      <Filter>97. Protocol</Filter>
    </ClCompile>
    <ClCompile Include="..\..\Server\Protobuf\Bin\Protocol.pb.cc">
      <Filter>97. Protocol</Filter>
    </ClCompile>
    <ClCompile Include="..\..\Server\Protobuf\Bin\Struct.pb.cc">
      <Filter>97. Protocol</Filter>
    </ClCompile>
    <ClCompile Include="..\Private\AIController.cpp">
      <Filter>02. GameObject\05. Controller</Filter>
    </ClCompile>
    <ClCompile Include="..\Private\PlayerController.cpp">
      <Filter>02. GameObject\05. Controller</Filter>
    </ClCompile>
    <ClCompile Include="..\Private\Replicator.cpp">
      <Filter>03. Component\99. Replicator</Filter>
    </ClCompile>
    <ClCompile Include="..\Private\InputComponent.cpp">
      <Filter>03. Component\01. Input</Filter>
    </ClCompile>
    <ClCompile Include="..\Private\Spawn_Helper.cpp">
      <Filter>99. Utils</Filter>
    </ClCompile>
    <ClCompile Include="..\Private\Terrain.cpp">
      <Filter>02. GameObject\03, Terrain</Filter>
    </ClCompile>
    <ClCompile Include="..\Private\Camera_Free.cpp">
      <Filter>02. GameObject\04. Camera</Filter>
    </ClCompile>
    <ClCompile Include="..\Private\MovementComponent.cpp">
      <Filter>03. Component\02. Movement</Filter>
    </ClCompile>
    <ClCompile Include="..\Private\Player.cpp">
      <Filter>02. GameObject\00. Player</Filter>
    </ClCompile>
    <ClCompile Include="..\Private\Monster.cpp">
      <Filter>02. GameObject\01. Monster</Filter>
    </ClCompile>
    <ClCompile Include="..\Private\Client_PacketHandler.cpp">
      <Filter>96. Network</Filter>
    </ClCompile>
    <ClCompile Include="..\Private\NetworkManager.cpp">
      <Filter>96. Network</Filter>
    </ClCompile>
    <ClCompile Include="..\Private\ServerSession.cpp">
      <Filter>96. Network</Filter>
    </ClCompile>
    <ClCompile Include="..\Private\MyPlayer.cpp">
      <Filter>02. GameObject\00. Player\00. Network</Filter>
    </ClCompile>
    <ClCompile Include="..\Private\RemotePlayer.cpp">
      <Filter>02. GameObject\00. Player\00. Network</Filter>
    </ClCompile>
    <ClCompile Include="..\Private\StaticMeshActor.cpp">
      <Filter>02. GameObject\06. StaticMesh</Filter>
    </ClCompile>
    <ClCompile Include="..\Private\PlayerStateMachine.cpp">
      <Filter>03. Component\03. PlayerState</Filter>
    </ClCompile>
    <ClCompile Include="..\Private\IPlayerState.cpp">
      <Filter>95. Interface</Filter>
    </ClCompile>
    <ClCompile Include="..\Private\Camera_Target.cpp">
      <Filter>02. GameObject\04. Camera</Filter>
    </ClCompile>
    <ClCompile Include="..\Private\UI_PlayerStatus.cpp">
      <Filter>02. GameObject\02. UI\02. Player\00. PlayerStat</Filter>
    </ClCompile>
    <ClCompile Include="..\Private\UI_PlayerSkill.cpp">
      <Filter>02. GameObject\02. UI\02. Player\01. Skill</Filter>
    </ClCompile>
    <ClCompile Include="..\Private\UI_PlayerHP.cpp">
      <Filter>02. GameObject\02. UI\02. Player\00. PlayerStat</Filter>
    </ClCompile>
    <ClCompile Include="..\Private\UI_PlayerHUD.cpp">
      <Filter>02. GameObject\02. UI\02. Player\00. PlayerStat</Filter>
    </ClCompile>
    <ClCompile Include="..\Private\SkillDataManager.cpp">
      <Filter>00. Manager</Filter>
    </ClCompile>
    <ClCompile Include="..\Private\SkillComponent.cpp" />
    <ClCompile Include="..\Private\UI_SkillSlot.cpp">
      <Filter>02. GameObject\02. UI\02. Player\01. Skill</Filter>
    </ClCompile>
    <ClCompile Include="..\Private\UI_LoadingProgressBar.cpp">
      <Filter>02. GameObject\02. UI\00. Common</Filter>
    </ClCompile>
    <ClCompile Include="..\Private\UI_LoadingSpinner.cpp">
      <Filter>02. GameObject\02. UI\00. Common</Filter>
    </ClCompile>
    <ClCompile Include="..\Private\UI_MainTitleMenuButton.cpp" />
    <ClCompile Include="..\Private\Background.cpp">
      <Filter>02. GameObject\02. UI\01. Background</Filter>
    </ClCompile>
    <ClCompile Include="..\Private\PlayerState_DoubleJump.cpp">
      <Filter>03. Component\03. PlayerState\00. PlayerState\00. Base</Filter>
    </ClCompile>
    <ClCompile Include="..\Private\PlayerState_Idle.cpp">
      <Filter>03. Component\03. PlayerState\00. PlayerState\00. Base</Filter>
    </ClCompile>
    <ClCompile Include="..\Private\PlayerState_Jump.cpp">
      <Filter>03. Component\03. PlayerState\00. PlayerState\00. Base</Filter>
    </ClCompile>
    <ClCompile Include="..\Private\PlayerState_Run.cpp">
      <Filter>03. Component\03. PlayerState\00. PlayerState\00. Base</Filter>
    </ClCompile>
    <ClCompile Include="..\Private\PlayerState_SuperJump.cpp">
      <Filter>03. Component\03. PlayerState\00. PlayerState\00. Base</Filter>
    </ClCompile>
    <ClCompile Include="..\Private\PlayerState_SuperJumpCharge.cpp">
      <Filter>03. Component\03. PlayerState\00. PlayerState\00. Base</Filter>
    </ClCompile>
    <ClCompile Include="..\Private\PlayerState_HeightLand.cpp">
      <Filter>03. Component\03. PlayerState\00. PlayerState\00. Base</Filter>
    </ClCompile>
    <ClCompile Include="..\Private\Level_CharacterSetup.cpp">
      <Filter>01. Levels\03. Equipment</Filter>
    </ClCompile>
    <ClCompile Include="..\Private\PlayerState_Dash.cpp">
      <Filter>03. Component\03. PlayerState\00. PlayerState\00. Base</Filter>
    </ClCompile>
    <ClCompile Include="..\Private\AnimationStateComponent.cpp" />
    <ClCompile Include="..\Private\AN_Test.cpp">
      <Filter>04. Notify\00. AnimNotify</Filter>
    </ClCompile>
    <ClCompile Include="..\Private\Player_CustomPart.cpp">
      <Filter>02. GameObject\00. Player\02. Parts</Filter>
    </ClCompile>
    <ClCompile Include="..\Private\UI_TabButton.cpp">
      <Filter>02. GameObject\02. UI\00. Common</Filter>
    </ClCompile>
    <ClCompile Include="..\Private\PreviewPlayer.cpp" />
    <ClCompile Include="..\Private\Customizer_Manager.cpp" />
    <ClCompile Include="..\Private\Weapon.cpp" />
    <ClCompile Include="..\Private\PlayerState_Skill.cpp">
      <Filter>03. Component\03. PlayerState\00. PlayerState\01. Attack</Filter>
    </ClCompile>
    <ClCompile Include="..\Private\PlayerState_JumpDash.cpp">
      <Filter>03. Component\03. PlayerState\00. PlayerState\00. Base</Filter>
    </ClCompile>
    <ClCompile Include="..\Private\PlayerState_Attack.cpp">
      <Filter>03. Component\03. PlayerState\00. PlayerState\01. Attack</Filter>
    </ClCompile>
    <ClCompile Include="..\Private\ANS_Test.cpp">
      <Filter>04. Notify\01. AnimNotifyState</Filter>
    </ClCompile>
    <ClCompile Include="..\Private\ANS_ComboWindow.cpp" />
    <ClCompile Include="..\Private\ANS_CollisionEnable.cpp" />
    <ClCompile Include="..\Private\UI_WeaponType.cpp">
      <Filter>02. GameObject\02. UI\02. Player\00. PlayerStat</Filter>
    </ClCompile>
    <ClCompile Include="..\Private\EquipmentComponent.cpp" />
    <ClCompile Include="..\Private\ComboProfile_Manager.cpp" />
    <ClCompile Include="..\Private\PlayerState_JumpAttack.cpp">
      <Filter>03. Component\03. PlayerState\00. PlayerState\01. Attack</Filter>
    </ClCompile>
    <ClCompile Include="..\Private\SkillObject.cpp" />
    <ClCompile Include="..\Private\SkillObject_Projectile.cpp" />
    <ClCompile Include="..\Private\AN_SpawnSkill.cpp" />
    <ClCompile Include="..\Private\Skill_RasenShuriken.cpp" />
    <ClCompile Include="..\Private\Skill_Rasengan.cpp" />
    <ClCompile Include="..\Private\PlayerState_JumpFall.cpp">
      <Filter>03. Component\03. PlayerState\00. PlayerState\00. Base</Filter>
    </ClCompile>
    <ClCompile Include="..\Private\UI_AnnounceCombo.cpp" />
    <ClCompile Include="..\Private\PlayerState_Hit.cpp" />
  </ItemGroup>
  <ItemGroup>
    <Filter Include="99. Defines">
      <UniqueIdentifier>{bfe5fc8f-f1fa-4e2e-91c7-ce52d34bcd41}</UniqueIdentifier>
    </Filter>
    <Filter Include="98. Default">
      <UniqueIdentifier>{9390e98b-3174-42d8-a93e-75848ddd0bde}</UniqueIdentifier>
    </Filter>
    <Filter Include="01. Levels">
      <UniqueIdentifier>{602279df-a6bf-4d0d-a5d7-36c9f139fad8}</UniqueIdentifier>
    </Filter>
    <Filter Include="01. Levels\00. Loading">
      <UniqueIdentifier>{50520abd-aed1-4511-8551-af0e9b3e55a1}</UniqueIdentifier>
    </Filter>
    <Filter Include="01. Levels\02. GamePlay">
      <UniqueIdentifier>{c58091b5-21bf-4f78-ae91-95a21cea922d}</UniqueIdentifier>
    </Filter>
    <Filter Include="01. Levels\00. Loading\Loader">
      <UniqueIdentifier>{d57f9a79-cbfe-4f7c-88b6-26fcaae93bdf}</UniqueIdentifier>
    </Filter>
    <Filter Include="02. GameObject">
      <UniqueIdentifier>{51d814c6-ec28-40cd-8ba1-9221474af90f}</UniqueIdentifier>
    </Filter>
    <Filter Include="97. Protocol">
      <UniqueIdentifier>{3a0cc2be-c85a-436f-9e79-54cd74efe1e2}</UniqueIdentifier>
    </Filter>
    <Filter Include="96. Network">
      <UniqueIdentifier>{88f9c09b-d653-4b7f-a883-1d52d95d8814}</UniqueIdentifier>
    </Filter>
    <Filter Include="03. Component">
      <UniqueIdentifier>{28328586-fc83-4acc-970a-e40cb2a46d24}</UniqueIdentifier>
    </Filter>
    <Filter Include="95. Interface">
      <UniqueIdentifier>{66b6121a-acd5-4ea7-af12-36260b4f830d}</UniqueIdentifier>
    </Filter>
    <Filter Include="94. Shaders">
      <UniqueIdentifier>{26187d37-f982-4760-bfd2-5e0e140aba91}</UniqueIdentifier>
    </Filter>
    <Filter Include="03. Component\00. CombatStat">
      <UniqueIdentifier>{8af4a132-0c79-4345-92d9-325073c9cdf8}</UniqueIdentifier>
    </Filter>
    <Filter Include="99. Utils">
      <UniqueIdentifier>{e168f944-9226-4672-8f80-a5f36baa8f46}</UniqueIdentifier>
    </Filter>
    <Filter Include="03. Component\99. Replicator">
      <UniqueIdentifier>{11214562-e2ee-4f0d-9f94-7303adc8ff54}</UniqueIdentifier>
    </Filter>
    <Filter Include="03. Component\01. Input">
      <UniqueIdentifier>{3538dc33-7726-469e-9faf-5ce0cf6988cd}</UniqueIdentifier>
    </Filter>
    <Filter Include="03. Component\02. Movement">
      <UniqueIdentifier>{2c2afcac-3899-4bf5-a77e-096e9b48e67e}</UniqueIdentifier>
    </Filter>
    <Filter Include="02. GameObject\00. Player">
      <UniqueIdentifier>{5fd4480e-ee6a-4cec-8fca-07b61b0c938d}</UniqueIdentifier>
    </Filter>
    <Filter Include="02. GameObject\05. Controller">
      <UniqueIdentifier>{4228c98a-9aa7-4598-b3bc-a3f5f7166def}</UniqueIdentifier>
    </Filter>
    <Filter Include="02. GameObject\04. Camera">
      <UniqueIdentifier>{9076e403-9028-4b8e-a5c3-2dd6cc13a5ee}</UniqueIdentifier>
    </Filter>
    <Filter Include="02. GameObject\03, Terrain">
      <UniqueIdentifier>{4cffa5f5-ca7f-46cc-821a-5d4a9aa3f8ab}</UniqueIdentifier>
    </Filter>
    <Filter Include="02. GameObject\01. Monster">
      <UniqueIdentifier>{744380cc-90fc-472d-b6fa-13d58adb3e87}</UniqueIdentifier>
    </Filter>
    <Filter Include="02. GameObject\02. UI">
      <UniqueIdentifier>{c8733bd2-02cf-45d7-9874-db793f337d84}</UniqueIdentifier>
    </Filter>
    <Filter Include="00. Manager">
      <UniqueIdentifier>{be7ebf18-777a-47a0-b9ee-317405d664f9}</UniqueIdentifier>
    </Filter>
    <Filter Include="02. GameObject\00. Player\00. Network">
      <UniqueIdentifier>{7f9b4d43-fc1b-49d8-a698-695a12504ab7}</UniqueIdentifier>
    </Filter>
    <Filter Include="02. GameObject\06. StaticMesh">
      <UniqueIdentifier>{fcff067d-2d76-4f0d-bcbd-a228bef07322}</UniqueIdentifier>
    </Filter>
    <Filter Include="03. Component\03. PlayerState">
      <UniqueIdentifier>{b55d44f7-fdc9-4f8f-a8ba-48d53b2c843f}</UniqueIdentifier>
    </Filter>
    <Filter Include="03. Component\03. PlayerState\00. PlayerState">
      <UniqueIdentifier>{f17cf578-6ddb-4864-a9c6-f12a70491cd5}</UniqueIdentifier>
    </Filter>
    <Filter Include="02. GameObject\02. UI\00. Common">
      <UniqueIdentifier>{4c41cf79-c1f0-43ae-ae84-ccbe2edd0d78}</UniqueIdentifier>
    </Filter>
    <Filter Include="02. GameObject\02. UI\01. Background">
      <UniqueIdentifier>{90175025-e3ff-40d8-b622-ea0949e8dae0}</UniqueIdentifier>
    </Filter>
    <Filter Include="02. GameObject\02. UI\02. Player">
      <UniqueIdentifier>{cd0eeb55-b3b1-4ecc-b66e-93cee51df2ec}</UniqueIdentifier>
    </Filter>
    <Filter Include="02. GameObject\02. UI\02. Player\00. PlayerStat">
      <UniqueIdentifier>{d1731cf2-103e-415a-871b-cf1268b7e135}</UniqueIdentifier>
    </Filter>
    <Filter Include="02. GameObject\02. UI\02. Player\01. Skill">
      <UniqueIdentifier>{cb9de10c-0449-4421-bca4-611dd20d3372}</UniqueIdentifier>
    </Filter>
    <Filter Include="03. Component\03. PlayerState\00. PlayerState\00. Base">
      <UniqueIdentifier>{65f4b38a-ca68-48bf-8041-2dd0618f7d70}</UniqueIdentifier>
    </Filter>
    <Filter Include="03. Component\03. PlayerState\00. PlayerState\01. Attack">
      <UniqueIdentifier>{e721084d-6c2d-4fe1-aa55-3037c8a5ca88}</UniqueIdentifier>
    </Filter>
    <Filter Include="01. Levels\03. Equipment">
      <UniqueIdentifier>{ff21d754-34a7-420e-82fb-64410cac9c20}</UniqueIdentifier>
    </Filter>
    <Filter Include="01. Levels\01. MainTitle">
      <UniqueIdentifier>{2e50a110-967f-4faa-9713-38d22bea33cd}</UniqueIdentifier>
    </Filter>
    <Filter Include="04. Notify">
      <UniqueIdentifier>{fef9dc88-a1e7-49b4-b213-bd7ab5729d84}</UniqueIdentifier>
    </Filter>
    <Filter Include="04. Notify\00. AnimNotify">
      <UniqueIdentifier>{d99f203a-1581-4ee9-a96f-b23b3e79056d}</UniqueIdentifier>
    </Filter>
    <Filter Include="04. Notify\01. AnimNotifyState">
      <UniqueIdentifier>{e527449f-4dd4-48cc-ad52-ce449cbf6695}</UniqueIdentifier>
    </Filter>
    <Filter Include="02. GameObject\00. Player\01. Container">
      <UniqueIdentifier>{c69808aa-25f2-44f3-a511-1b3c6551724d}</UniqueIdentifier>
    </Filter>
    <Filter Include="02. GameObject\00. Player\02. Parts">
      <UniqueIdentifier>{f7c6f168-8c98-4b92-aa0c-78c7a8a48d51}</UniqueIdentifier>
    </Filter>
  </ItemGroup>
  <ItemGroup>
    <Image Include="small.ico">
      <Filter>98. Default</Filter>
    </Image>
  </ItemGroup>
  <ItemGroup>
    <FxCompile Include="..\Bin\Shaders\Shader_Vtxtex.hlsl">
      <Filter>94. Shaders</Filter>
    </FxCompile>
    <FxCompile Include="..\Bin\Shaders\Shader_VtxNorTex.hlsl">
      <Filter>94. Shaders</Filter>
    </FxCompile>
    <FxCompile Include="..\Bin\Shaders\Shader_VtxMesh.hlsl">
      <Filter>94. Shaders</Filter>
    </FxCompile>
    <FxCompile Include="..\Bin\Shaders\Shader_UI.hlsl">
      <Filter>94. Shaders</Filter>
    </FxCompile>
    <FxCompile Include="..\Bin\Shaders\Shader_VtxStaticMesh.hlsl">
      <Filter>94. Shaders</Filter>
    </FxCompile>
    <FxCompile Include="..\Bin\Shaders\Shader_VtxAnimMesh.hlsl">
      <Filter>94. Shaders</Filter>
    </FxCompile>
  </ItemGroup>
</Project>