<?xml version="1.0" encoding="utf-8"?>
<Project ToolsVersion="4.0" xmlns="http://schemas.microsoft.com/developer/msbuild/2003">
  <ItemGroup>
    <Filter Include="99. Defines">
      <UniqueIdentifier>{cdd6ec57-3340-4862-9761-86855c02806d}</UniqueIdentifier>
    </Filter>
    <Filter Include="98. Default">
      <UniqueIdentifier>{1ff48b7c-c24c-43b3-a421-48becbc1d18e}</UniqueIdentifier>
    </Filter>
    <Filter Include="01. Manager">
      <UniqueIdentifier>{e7632b49-d370-4d01-bd20-ad1491482767}</UniqueIdentifier>
    </Filter>
    <Filter Include="02. Editor">
      <UniqueIdentifier>{0cdf4d12-e9bf-4657-99e0-defecc2716a4}</UniqueIdentifier>
    </Filter>
    <Filter Include="01. EditorInstance">
      <UniqueIdentifier>{1d8ea004-a4de-4aa9-84bc-a1ee50e23395}</UniqueIdentifier>
    </Filter>
    <Filter Include="03. Viewer">
      <UniqueIdentifier>{f9b8d7c0-ca32-4b3c-9904-03e58eb3ba32}</UniqueIdentifier>
    </Filter>
  </ItemGroup>
  <ItemGroup>
    <ClInclude Include="pch.h">
      <Filter>98. Default</Filter>
    </ClInclude>
    <ClInclude Include="..\Public\ImGui_Manager.h">
      <Filter>01. Manager</Filter>
    </ClInclude>
    <ClInclude Include="..\Public\Editor_Define.h">
      <Filter>99. Defines</Filter>
    </ClInclude>
    <ClInclude Include="..\Public\Editor_Manager.h">
      <Filter>01. Manager</Filter>
    </ClInclude>
    <ClInclude Include="..\Public\EditorWindow.h">
      <Filter>02. Editor</Filter>
    </ClInclude>
    <ClInclude Include="..\Public\EditorInstance.h">
      <Filter>01. EditorInstance</Filter>
    </ClInclude>
    <ClInclude Include="..\Public\HierarchyView.h">
      <Filter>03. Viewer</Filter>
    </ClInclude>
    <ClInclude Include="..\Public\SceneView.h">
      <Filter>03. Viewer</Filter>
    </ClInclude>
    <ClInclude Include="..\Public\Content_Browser.h">
      <Filter>03. Viewer</Filter>
    </ClInclude>
    <ClInclude Include="..\Public\Console_View.h">
      <Filter>03. Viewer</Filter>
    </ClInclude>
    <ClInclude Include="..\Public\Inspector.h">
      <Filter>03. Viewer</Filter>
    </ClInclude>
    <ClInclude Include="..\Public\Editor_Logger.h" />
  </ItemGroup>
  <ItemGroup>
    <ClCompile Include="EditorTool.cpp">
      <Filter>98. Default</Filter>
    </ClCompile>
    <ClCompile Include="pch.cpp">
      <Filter>98. Default</Filter>
    </ClCompile>
    <ClCompile Include="..\Private\ImGui_Manager.cpp">
      <Filter>01. Manager</Filter>
    </ClCompile>
    <ClCompile Include="..\Private\Editor_Manager.cpp">
      <Filter>01. Manager</Filter>
    </ClCompile>
    <ClCompile Include="..\Private\EditorWindow.cpp">
      <Filter>02. Editor</Filter>
    </ClCompile>
    <ClCompile Include="..\Private\EditorInstance.cpp">
      <Filter>01. EditorInstance</Filter>
    </ClCompile>
    <ClCompile Include="..\Private\HierarchyView.cpp">
      <Filter>03. Viewer</Filter>
    </ClCompile>
    <ClCompile Include="..\Private\SceneView.cpp">
      <Filter>03. Viewer</Filter>
    </ClCompile>
    <ClCompile Include="..\Private\Content_Browser.cpp">
      <Filter>03. Viewer</Filter>
    </ClCompile>
    <ClCompile Include="..\Private\Console_View.cpp">
      <Filter>03. Viewer</Filter>
    </ClCompile>
    <ClCompile Include="..\Private\Inspector.cpp">
      <Filter>03. Viewer</Filter>
    </ClCompile>
    <ClCompile Include="..\Private\Editor_Logger.cpp" />
  </ItemGroup>
</Project>