<?xml version="1.0" encoding="utf-8"?>
<Project ToolsVersion="4.0" xmlns="http://schemas.microsoft.com/developer/msbuild/2003">
  <ItemGroup>
    <Filter Include="99. Defines">
      <UniqueIdentifier>{421c9b84-97b5-49f8-8716-7f361c5f83e7}</UniqueIdentifier>
    </Filter>
    <Filter Include="00. Main">
      <UniqueIdentifier>{e5c4597b-b06d-454c-bfa2-f6e60baca23f}</UniqueIdentifier>
    </Filter>
    <Filter Include="98. Default">
      <UniqueIdentifier>{d131adf4-a176-461f-a444-aafdfea230b3}</UniqueIdentifier>
    </Filter>
    <Filter Include="01. Manager">
      <UniqueIdentifier>{e7632b49-d370-4d01-bd20-ad1491482767}</UniqueIdentifier>
    </Filter>
    <Filter Include="02. Editor">
      <UniqueIdentifier>{0cdf4d12-e9bf-4657-99e0-defecc2716a4}</UniqueIdentifier>
    </Filter>
    <Filter Include="01. EditorInstance">
      <UniqueIdentifier>{1d8ea004-a4de-4aa9-84bc-a1ee50e23395}</UniqueIdentifier>
    </Filter>
    <Filter Include="03. Viewer">
      <UniqueIdentifier>{f9b8d7c0-ca32-4b3c-9904-03e58eb3ba32}</UniqueIdentifier>
    </Filter>
    <Filter Include="04. Component_Inspector">
      <UniqueIdentifier>{0f327002-cc59-4f4e-bbfb-487ab9e07541}</UniqueIdentifier>
    </Filter>
    <Filter Include="05. Inspector_Factory">
      <UniqueIdentifier>{7369c1ef-0d01-46a2-933b-12ece269fede}</UniqueIdentifier>
    </Filter>
    <Filter Include="06. Command">
      <UniqueIdentifier>{4892880c-12aa-44e9-8bae-079629ee88f6}</UniqueIdentifier>
    </Filter>
    <Filter Include="97. Utils">
      <UniqueIdentifier>{e124fccb-31c6-477a-9136-841ad3ee5a3f}</UniqueIdentifier>
    </Filter>
  </ItemGroup>
  <ItemGroup>
    <ClInclude Include="framework.h">
      <Filter>98. Default</Filter>
    </ClInclude>
    <ClInclude Include="Resource.h">
      <Filter>98. Default</Filter>
    </ClInclude>
    <ClInclude Include="targetver.h">
      <Filter>98. Default</Filter>
    </ClInclude>
    <ClInclude Include="pch.h">
      <Filter>98. Default</Filter>
    </ClInclude>
    <ClInclude Include="..\Public\Editor_MainApp.h">
      <Filter>00. Main</Filter>
    </ClInclude>
    <ClInclude Include="..\Public\Editor_Define.h">
      <Filter>99. Defines</Filter>
    </ClInclude>
    <ClInclude Include="..\Public\Level_Editor.h">
      <Filter>00. Main</Filter>
    </ClInclude>
    <ClInclude Include="Editor.h">
      <Filter>00. Main</Filter>
    </ClInclude>
    <ClInclude Include="..\Public\CombatStat_Inspector.h">
      <Filter>04. Component_Inspector</Filter>
    </ClInclude>
    <ClInclude Include="..\Public\Component_Inspector.h">
      <Filter>04. Component_Inspector</Filter>
    </ClInclude>
    <ClInclude Include="..\Public\Console_View.h">
      <Filter>03. Viewer</Filter>
    </ClInclude>
    <ClInclude Include="..\Public\Content_Browser.h">
      <Filter>03. Viewer</Filter>
    </ClInclude>
    <ClInclude Include="..\Public\EditorInstance.h">
      <Filter>01. EditorInstance</Filter>
    </ClInclude>
    <ClInclude Include="..\Public\Editor_Enum.h">
      <Filter>99. Defines</Filter>
    </ClInclude>
    <ClInclude Include="..\Public\Editor_Macro.h">
      <Filter>99. Defines</Filter>
    </ClInclude>
    <ClInclude Include="..\Public\Editor_Manager.h">
      <Filter>01. Manager</Filter>
    </ClInclude>
    <ClInclude Include="..\Public\EditorWindow.h">
      <Filter>02. Editor</Filter>
    </ClInclude>
    <ClInclude Include="..\Public\Editor_Logger.h">
      <Filter>98. Default</Filter>
    </ClInclude>
    <ClInclude Include="..\Public\Game_View.h">
      <Filter>03. Viewer</Filter>
    </ClInclude>
    <ClInclude Include="..\Public\Hierarchy.h">
      <Filter>03. Viewer</Filter>
    </ClInclude>
    <ClInclude Include="..\Public\IconsFontAwesome6.h">
      <Filter>98. Default</Filter>
    </ClInclude>
    <ClInclude Include="..\Public\ImGui_Manager.h">
      <Filter>01. Manager</Filter>
    </ClInclude>
    <ClInclude Include="..\Public\Inspector.h">
      <Filter>03. Viewer</Filter>
    </ClInclude>
    <ClInclude Include="..\Public\Inspector_Factory.h">
      <Filter>05. Inspector_Factory</Filter>
    </ClInclude>
    <ClInclude Include="..\Public\Notification_Manager.h">
      <Filter>01. Manager</Filter>
    </ClInclude>
    <ClInclude Include="..\Public\PlayerSession_Manager.h">
      <Filter>01. Manager</Filter>
    </ClInclude>
    <ClInclude Include="..\Public\Prefab_View.h">
      <Filter>03. Viewer</Filter>
    </ClInclude>
    <ClInclude Include="..\Public\Profiler_View.h">
      <Filter>03. Viewer</Filter>
    </ClInclude>
    <ClInclude Include="..\Public\Scene_View.h">
      <Filter>03. Viewer</Filter>
    </ClInclude>
    <ClInclude Include="..\Public\Transform_Inspector.h">
      <Filter>04. Component_Inspector</Filter>
    </ClInclude>
    <ClInclude Include="..\Public\Editor_Struct.h">
      <Filter>99. Defines</Filter>
    </ClInclude>
    <ClInclude Include="..\Public\BehaviorTree_View.h">
      <Filter>03. Viewer</Filter>
    </ClInclude>
    <ClInclude Include="..\Public\Texture_Inspector.h">
      <Filter>04. Component_Inspector</Filter>
    </ClInclude>
    <ClInclude Include="..\Public\BehaviorTree_Inspector.h">
      <Filter>04. Component_Inspector</Filter>
    </ClInclude>
    <ClInclude Include="..\Public\Reflection_Inspector.h">
      <Filter>04. Component_Inspector</Filter>
    </ClInclude>
    <ClInclude Include="..\Public\CommandHistory.h">
      <Filter>06. Command</Filter>
    </ClInclude>
    <ClInclude Include="..\Public\Action_Command.h">
      <Filter>06. Command</Filter>
    </ClInclude>
    <ClInclude Include="..\Public\Property_Command.h">
      <Filter>06. Command</Filter>
    </ClInclude>
    <ClInclude Include="..\Public\Editor_Camera_Free.h" />
    <ClInclude Include="..\Public\Level_Serializer.h">
      <Filter>97. Utils</Filter>
    </ClInclude>
    <ClInclude Include="..\Public\Editor_Helper.h">
      <Filter>97. Utils</Filter>
    </ClInclude>
    <ClInclude Include="..\Public\Animation_View.h">
      <Filter>03. Viewer</Filter>
    </ClInclude>
    <ClInclude Include="..\Public\AnimationState_Inspector.h">
      <Filter>04. Component_Inspector</Filter>
    </ClInclude>
    <ClInclude Include="..\Public\AnimNotify_Inspector.h">
      <Filter>04. Component_Inspector</Filter>
    </ClInclude>
    <ClInclude Include="..\Public\AnimNotify_Inspector_Factory.h">
      <Filter>05. Inspector_Factory</Filter>
    </ClInclude>
    <ClInclude Include="..\Public\AnimNotifyState_Inspector.h">
      <Filter>04. Component_Inspector</Filter>
    </ClInclude>
    <ClInclude Include="..\Public\Editor_SequencerAdapterBase.h">
      <Filter>97. Utils</Filter>
    </ClInclude>
    <ClInclude Include="..\Public\PlayerStateMachine_Inspector.h">
      <Filter>04. Component_Inspector</Filter>
    </ClInclude>
    <ClInclude Include="..\Public\Model_Inspector.h">
      <Filter>04. Component_Inspector</Filter>
    </ClInclude>
    <ClInclude Include="..\Public\AnimSequencerAdapter.h">
      <Filter>97. Utils</Filter>
    </ClInclude>
    <ClInclude Include="..\Public\Prefab_PreviewCameraSettings.h">
      <Filter>97. Utils</Filter>
    </ClInclude>
    <ClInclude Include="..\Public\UI_Animation_View.h">
      <Filter>03. Viewer</Filter>
    </ClInclude>
    <ClInclude Include="..\Public\UI_AnimSequencerAdapter.h">
      <Filter>97. Utils</Filter>
    </ClInclude>
    <ClInclude Include="..\Public\Cinematic_View.h" />
    <ClInclude Include="..\Public\CameraSequencerAdapter.h" />
    <ClInclude Include="..\Public\Skill_Inspector.h" />
  </ItemGroup>
  <ItemGroup>
    <Image Include="Editor.ico">
      <Filter>98. Default</Filter>
    </Image>
    <Image Include="small.ico">
      <Filter>98. Default</Filter>
    </Image>
  </ItemGroup>
  <ItemGroup>
    <ClCompile Include="pch.cpp">
      <Filter>98. Default</Filter>
    </ClCompile>
    <ClCompile Include="..\Private\Editor_MainApp.cpp">
      <Filter>00. Main</Filter>
    </ClCompile>
    <ClCompile Include="..\Private\Level_Editor.cpp">
      <Filter>00. Main</Filter>
    </ClCompile>
    <ClCompile Include="Editor.cpp">
      <Filter>00. Main</Filter>
    </ClCompile>
    <ClCompile Include="..\Private\CombatStat_Inspector.cpp">
      <Filter>04. Component_Inspector</Filter>
    </ClCompile>
    <ClCompile Include="..\Private\Component_Inspector.cpp">
      <Filter>04. Component_Inspector</Filter>
    </ClCompile>
    <ClCompile Include="..\Private\Console_View.cpp">
      <Filter>03. Viewer</Filter>
    </ClCompile>
    <ClCompile Include="..\Private\Content_Browser.cpp">
      <Filter>03. Viewer</Filter>
    </ClCompile>
    <ClCompile Include="..\Private\EditorInstance.cpp">
      <Filter>01. EditorInstance</Filter>
    </ClCompile>
    <ClCompile Include="..\Private\Editor_Manager.cpp">
      <Filter>01. Manager</Filter>
    </ClCompile>
    <ClCompile Include="..\Private\EditorWindow.cpp">
      <Filter>02. Editor</Filter>
    </ClCompile>
    <ClCompile Include="..\Private\Editor_Logger.cpp">
      <Filter>98. Default</Filter>
    </ClCompile>
    <ClCompile Include="..\Private\Game_View.cpp">
      <Filter>03. Viewer</Filter>
    </ClCompile>
    <ClCompile Include="..\Private\Hierarchy.cpp">
      <Filter>03. Viewer</Filter>
    </ClCompile>
    <ClCompile Include="..\Private\ImGui_Manager.cpp">
      <Filter>01. Manager</Filter>
    </ClCompile>
    <ClCompile Include="..\Private\Inspector.cpp">
      <Filter>03. Viewer</Filter>
    </ClCompile>
    <ClCompile Include="..\Private\Inspector_Factory.cpp">
      <Filter>05. Inspector_Factory</Filter>
    </ClCompile>
    <ClCompile Include="..\Private\Notification_Manager.cpp">
      <Filter>01. Manager</Filter>
    </ClCompile>
    <ClCompile Include="..\Private\PlayerSession_Manager.cpp">
      <Filter>01. Manager</Filter>
    </ClCompile>
    <ClCompile Include="..\Private\Prefab_View.cpp">
      <Filter>03. Viewer</Filter>
    </ClCompile>
    <ClCompile Include="..\Private\Profiler_View.cpp">
      <Filter>03. Viewer</Filter>
    </ClCompile>
    <ClCompile Include="..\Private\Scene_View.cpp">
      <Filter>03. Viewer</Filter>
    </ClCompile>
    <ClCompile Include="..\Private\Transform_Inspector.cpp">
      <Filter>04. Component_Inspector</Filter>
    </ClCompile>
    <ClCompile Include="..\Private\BehaviorTree_View.cpp">
      <Filter>03. Viewer</Filter>
    </ClCompile>
    <ClCompile Include="..\Private\Texture_Inspector.cpp">
      <Filter>04. Component_Inspector</Filter>
    </ClCompile>
    <ClCompile Include="..\Private\BehaviorTree_Inspector.cpp">
      <Filter>04. Component_Inspector</Filter>
    </ClCompile>
    <ClCompile Include="..\Private\Reflection_Inspector.cpp">
      <Filter>04. Component_Inspector</Filter>
    </ClCompile>
    <ClCompile Include="..\Private\CommandHistory.cpp">
      <Filter>06. Command</Filter>
    </ClCompile>
    <ClCompile Include="..\Private\Action_Command.cpp">
      <Filter>06. Command</Filter>
    </ClCompile>
    <ClCompile Include="..\Private\Property_Command.cpp">
      <Filter>06. Command</Filter>
    </ClCompile>
    <ClCompile Include="..\Private\Editor_Camera_Free.cpp" />
    <ClCompile Include="..\Private\Level_Serializer.cpp">
      <Filter>97. Utils</Filter>
    </ClCompile>
    <ClCompile Include="..\Private\Editor_Helper.cpp">
      <Filter>97. Utils</Filter>
    </ClCompile>
    <ClCompile Include="..\Private\ImSequencer.cpp">
      <Filter>98. Default</Filter>
    </ClCompile>
    <ClCompile Include="..\Private\Animation_View.cpp">
      <Filter>03. Viewer</Filter>
    </ClCompile>
    <ClCompile Include="..\Private\AnimationState_Inspector.cpp">
      <Filter>04. Component_Inspector</Filter>
    </ClCompile>
    <ClCompile Include="..\Private\AnimNotify_Inspector.cpp">
      <Filter>04. Component_Inspector</Filter>
    </ClCompile>
    <ClCompile Include="..\Private\AnimNotify_Inspector_Factory.cpp">
      <Filter>05. Inspector_Factory</Filter>
    </ClCompile>
    <ClCompile Include="..\Private\AnimNotifyState_Inspector.cpp">
      <Filter>04. Component_Inspector</Filter>
    </ClCompile>
    <ClCompile Include="..\Private\Editor_SequencerAdapterBase.cpp">
      <Filter>97. Utils</Filter>
    </ClCompile>
    <ClCompile Include="..\Private\PlayerStateMachine_Inspector.cpp">
      <Filter>04. Component_Inspector</Filter>
    </ClCompile>
    <ClCompile Include="..\Private\Model_Inspector.cpp">
      <Filter>04. Component_Inspector</Filter>
    </ClCompile>
    <ClCompile Include="..\Private\AnimSequencerAdapter.cpp">
      <Filter>97. Utils</Filter>
    </ClCompile>
    <ClCompile Include="..\Private\Prefab_PreviewCameraSettings.cpp">
      <Filter>97. Utils</Filter>
    </ClCompile>
    <ClCompile Include="..\Private\UI_Animation_View.cpp">
      <Filter>03. Viewer</Filter>
    </ClCompile>
    <ClCompile Include="..\Private\UI_AnimSequencerAdapter.cpp">
      <Filter>97. Utils</Filter>
    </ClCompile>
    <ClCompile Include="..\Private\Cinematic_View.cpp" />
    <ClCompile Include="..\Private\CameraSequencerAdapter.cpp" />
    <ClCompile Include="..\Private\Skill_Inspector.cpp" />
  </ItemGroup>
  <ItemGroup>
    <ResourceCompile Include="Editor.rc">
      <Filter>98. Default</Filter>
    </ResourceCompile>
  </ItemGroup>
</Project>